
Microsoft Visual Studio Solution File, Format Version 12.00
# Visual Studio Version 17
VisualStudioVersion = 17.2.32317.152
MinimumVisualStudioVersion = 10.0.40219.1
Project("{2150E333-8FDC-42A3-9474-1A3956D46DE8}") = "Brimborium.Registrator", "Brimborium.Registrator", "{AEC73A4F-887D-462D-A1BE-FC069B477221}"
EndProject
Project("{9A19103F-16F7-4668-BE54-9A1E7A4F7556}") = "Brimborium.Registrator.Abstractions", "Brimborium.Registrator\Brimborium.Registrator.Abstractions\Brimborium.Registrator.Abstractions.csproj", "{806A254D-17C5-4A58-B237-2685FBFC917A}"
EndProject
Project("{9A19103F-16F7-4668-BE54-9A1E7A4F7556}") = "Brimborium.Registrator", "Brimborium.Registrator\Brimborium.Registrator\Brimborium.Registrator.csproj", "{2BEE1857-5EF3-4F38-B263-0771ED0B47C5}"
EndProject
Project("{2150E333-8FDC-42A3-9474-1A3956D46DE8}") = "Brimborium.TypedSql", "Brimborium.TypedSql", "{B110FAFC-B7B3-40E9-A782-BA023894B7B4}"
EndProject
Project("{9A19103F-16F7-4668-BE54-9A1E7A4F7556}") = "Brimborium.GenerateStoredProcedure", "Brimborium.TypedSql\Brimborium.GenerateStoredProcedure\Brimborium.GenerateStoredProcedure.csproj", "{8B2B96D2-57F1-4092-B8DB-63AC1818BC69}"
EndProject
Project("{9A19103F-16F7-4668-BE54-9A1E7A4F7556}") = "Brimborium.SqlAccess", "Brimborium.TypedSql\Brimborium.SqlAccess\Brimborium.SqlAccess.csproj", "{3F478D31-0733-41C8-9ABC-EAE3E81A8B8C}"
EndProject
Project("{9A19103F-16F7-4668-BE54-9A1E7A4F7556}") = "Brimborium.TypedStoredProcedure", "Brimborium.TypedSql\Brimborium.TypedStoredProcedure\Brimborium.TypedStoredProcedure.csproj", "{06771467-9145-42EB-B3D1-EBCEAD8AF9EF}"
EndProject
Project("{2150E333-8FDC-42A3-9474-1A3956D46DE8}") = "Solution Items", "Solution Items", "{2D816627-162F-4936-9D64-7E6EBC056F17}"
	ProjectSection(SolutionItems) = preProject
		azure-pipelines.yml = azure-pipelines.yml
		nuget.config = nuget.config
		build\package.targets = build\package.targets
	EndProjectSection
EndProject
Project("{9A19103F-16F7-4668-BE54-9A1E7A4F7556}") = "Brimborium.Extensions.Logging.LocalFile", "Brimborium.Extensions.Logging.LocalFile\src\Brimborium.Extensions.Logging.LocalFile.csproj", "{257676A4-5FC3-468B-9F16-F3E2EA039B86}"
EndProject
Project("{2150E333-8FDC-42A3-9474-1A3956D46DE8}") = "build", "build", "{596E6A49-D640-419D-8E7D-E12A38ABF8BC}"
	ProjectSection(SolutionItems) = preProject
		build\package.targets = build\package.targets
	EndProjectSection
EndProject
Project("{2150E333-8FDC-42A3-9474-1A3956D46DE8}") = "Brimborium.RowVersion", "Brimborium.RowVersion", "{6FAE1AE1-E5D0-4E3F-81F8-AD556F499DC5}"
EndProject
Project("{9A19103F-16F7-4668-BE54-9A1E7A4F7556}") = "Brimborium.RowVersion.Contracts", "Brimborium.RowVersion\Brimborium.RowVersion.Contracts\Brimborium.RowVersion.Contracts.csproj", "{D1C60D23-2965-4AF9-BE5F-4ECD1A5A7036}"
EndProject
Project("{9A19103F-16F7-4668-BE54-9A1E7A4F7556}") = "Brimborium.RowVersion", "Brimborium.RowVersion\Brimborium.RowVersion\Brimborium.RowVersion.csproj", "{A1219CAB-8D5C-496F-8849-F834E6E8495D}"
EndProject
Project("{2150E333-8FDC-42A3-9474-1A3956D46DE8}") = "Brimborium.Functional", "Brimborium.Functional", "{62808A8F-B9E3-4613-81D2-AA13B5C4BFBE}"
EndProject
Project("{9A19103F-16F7-4668-BE54-9A1E7A4F7556}") = "Brimborium.Functional", "Brimborium.Functional\Brimborium.Functional\Brimborium.Functional.csproj", "{8FF966F8-E536-4579-B605-C8930B28715A}"
EndProject
Project("{2150E333-8FDC-42A3-9474-1A3956D46DE8}") = "Brimborium.CodeGeneration", "Brimborium.CodeGeneration", "{1DE96219-4B27-4A45-99DD-A47F59150DC6}"
EndProject
Project("{9A19103F-16F7-4668-BE54-9A1E7A4F7556}") = "Brimborium.CodeGeneration", "Brimborium.CodeGeneration\Brimborium.CodeGeneration\Brimborium.CodeGeneration.csproj", "{41BA9A00-113E-4CFF-96C9-7D8475328BCC}"
EndProject
Project("{2150E333-8FDC-42A3-9474-1A3956D46DE8}") = "Brimborium.Extensions.Logging", "Brimborium.Extensions.Logging", "{8B0AEB74-806A-4A2B-B9CC-6476077833F0}"
EndProject
Global
	GlobalSection(SolutionConfigurationPlatforms) = preSolution
		Debug|Any CPU = Debug|Any CPU
		Debug|x64 = Debug|x64
		Debug|x86 = Debug|x86
		Release|Any CPU = Release|Any CPU
		Release|x64 = Release|x64
		Release|x86 = Release|x86
	EndGlobalSection
	GlobalSection(ProjectConfigurationPlatforms) = postSolution
		{806A254D-17C5-4A58-B237-2685FBFC917A}.Debug|Any CPU.ActiveCfg = Debug|Any CPU
		{806A254D-17C5-4A58-B237-2685FBFC917A}.Debug|Any CPU.Build.0 = Debug|Any CPU
		{806A254D-17C5-4A58-B237-2685FBFC917A}.Debug|x64.ActiveCfg = Debug|Any CPU
		{806A254D-17C5-4A58-B237-2685FBFC917A}.Debug|x64.Build.0 = Debug|Any CPU
		{806A254D-17C5-4A58-B237-2685FBFC917A}.Debug|x86.ActiveCfg = Debug|Any CPU
		{806A254D-17C5-4A58-B237-2685FBFC917A}.Debug|x86.Build.0 = Debug|Any CPU
		{806A254D-17C5-4A58-B237-2685FBFC917A}.Release|Any CPU.ActiveCfg = Release|Any CPU
		{806A254D-17C5-4A58-B237-2685FBFC917A}.Release|Any CPU.Build.0 = Release|Any CPU
		{806A254D-17C5-4A58-B237-2685FBFC917A}.Release|x64.ActiveCfg = Release|Any CPU
		{806A254D-17C5-4A58-B237-2685FBFC917A}.Release|x64.Build.0 = Release|Any CPU
		{806A254D-17C5-4A58-B237-2685FBFC917A}.Release|x86.ActiveCfg = Release|Any CPU
		{806A254D-17C5-4A58-B237-2685FBFC917A}.Release|x86.Build.0 = Release|Any CPU
		{2BEE1857-5EF3-4F38-B263-0771ED0B47C5}.Debug|Any CPU.ActiveCfg = Debug|Any CPU
		{2BEE1857-5EF3-4F38-B263-0771ED0B47C5}.Debug|Any CPU.Build.0 = Debug|Any CPU
		{2BEE1857-5EF3-4F38-B263-0771ED0B47C5}.Debug|x64.ActiveCfg = Debug|Any CPU
		{2BEE1857-5EF3-4F38-B263-0771ED0B47C5}.Debug|x64.Build.0 = Debug|Any CPU
		{2BEE1857-5EF3-4F38-B263-0771ED0B47C5}.Debug|x86.ActiveCfg = Debug|Any CPU
		{2BEE1857-5EF3-4F38-B263-0771ED0B47C5}.Debug|x86.Build.0 = Debug|Any CPU
		{2BEE1857-5EF3-4F38-B263-0771ED0B47C5}.Release|Any CPU.ActiveCfg = Release|Any CPU
		{2BEE1857-5EF3-4F38-B263-0771ED0B47C5}.Release|Any CPU.Build.0 = Release|Any CPU
		{2BEE1857-5EF3-4F38-B263-0771ED0B47C5}.Release|x64.ActiveCfg = Release|Any CPU
		{2BEE1857-5EF3-4F38-B263-0771ED0B47C5}.Release|x64.Build.0 = Release|Any CPU
		{2BEE1857-5EF3-4F38-B263-0771ED0B47C5}.Release|x86.ActiveCfg = Release|Any CPU
		{2BEE1857-5EF3-4F38-B263-0771ED0B47C5}.Release|x86.Build.0 = Release|Any CPU
		{8B2B96D2-57F1-4092-B8DB-63AC1818BC69}.Debug|Any CPU.ActiveCfg = Debug|Any CPU
		{8B2B96D2-57F1-4092-B8DB-63AC1818BC69}.Debug|Any CPU.Build.0 = Debug|Any CPU
		{8B2B96D2-57F1-4092-B8DB-63AC1818BC69}.Debug|x64.ActiveCfg = Debug|Any CPU
		{8B2B96D2-57F1-4092-B8DB-63AC1818BC69}.Debug|x64.Build.0 = Debug|Any CPU
		{8B2B96D2-57F1-4092-B8DB-63AC1818BC69}.Debug|x86.ActiveCfg = Debug|Any CPU
		{8B2B96D2-57F1-4092-B8DB-63AC1818BC69}.Debug|x86.Build.0 = Debug|Any CPU
		{8B2B96D2-57F1-4092-B8DB-63AC1818BC69}.Release|Any CPU.ActiveCfg = Release|Any CPU
		{8B2B96D2-57F1-4092-B8DB-63AC1818BC69}.Release|Any CPU.Build.0 = Release|Any CPU
		{8B2B96D2-57F1-4092-B8DB-63AC1818BC69}.Release|x64.ActiveCfg = Release|Any CPU
		{8B2B96D2-57F1-4092-B8DB-63AC1818BC69}.Release|x64.Build.0 = Release|Any CPU
		{8B2B96D2-57F1-4092-B8DB-63AC1818BC69}.Release|x86.ActiveCfg = Release|Any CPU
		{8B2B96D2-57F1-4092-B8DB-63AC1818BC69}.Release|x86.Build.0 = Release|Any CPU
		{3F478D31-0733-41C8-9ABC-EAE3E81A8B8C}.Debug|Any CPU.ActiveCfg = Debug|Any CPU
		{3F478D31-0733-41C8-9ABC-EAE3E81A8B8C}.Debug|Any CPU.Build.0 = Debug|Any CPU
		{3F478D31-0733-41C8-9ABC-EAE3E81A8B8C}.Debug|x64.ActiveCfg = Debug|Any CPU
		{3F478D31-0733-41C8-9ABC-EAE3E81A8B8C}.Debug|x64.Build.0 = Debug|Any CPU
		{3F478D31-0733-41C8-9ABC-EAE3E81A8B8C}.Debug|x86.ActiveCfg = Debug|Any CPU
		{3F478D31-0733-41C8-9ABC-EAE3E81A8B8C}.Debug|x86.Build.0 = Debug|Any CPU
		{3F478D31-0733-41C8-9ABC-EAE3E81A8B8C}.Release|Any CPU.ActiveCfg = Release|Any CPU
		{3F478D31-0733-41C8-9ABC-EAE3E81A8B8C}.Release|Any CPU.Build.0 = Release|Any CPU
		{3F478D31-0733-41C8-9ABC-EAE3E81A8B8C}.Release|x64.ActiveCfg = Release|Any CPU
		{3F478D31-0733-41C8-9ABC-EAE3E81A8B8C}.Release|x64.Build.0 = Release|Any CPU
		{3F478D31-0733-41C8-9ABC-EAE3E81A8B8C}.Release|x86.ActiveCfg = Release|Any CPU
		{3F478D31-0733-41C8-9ABC-EAE3E81A8B8C}.Release|x86.Build.0 = Release|Any CPU
		{06771467-9145-42EB-B3D1-EBCEAD8AF9EF}.Debug|Any CPU.ActiveCfg = Debug|Any CPU
		{06771467-9145-42EB-B3D1-EBCEAD8AF9EF}.Debug|Any CPU.Build.0 = Debug|Any CPU
		{06771467-9145-42EB-B3D1-EBCEAD8AF9EF}.Debug|x64.ActiveCfg = Debug|Any CPU
		{06771467-9145-42EB-B3D1-EBCEAD8AF9EF}.Debug|x64.Build.0 = Debug|Any CPU
		{06771467-9145-42EB-B3D1-EBCEAD8AF9EF}.Debug|x86.ActiveCfg = Debug|Any CPU
		{06771467-9145-42EB-B3D1-EBCEAD8AF9EF}.Debug|x86.Build.0 = Debug|Any CPU
		{06771467-9145-42EB-B3D1-EBCEAD8AF9EF}.Release|Any CPU.ActiveCfg = Release|Any CPU
		{06771467-9145-42EB-B3D1-EBCEAD8AF9EF}.Release|Any CPU.Build.0 = Release|Any CPU
		{06771467-9145-42EB-B3D1-EBCEAD8AF9EF}.Release|x64.ActiveCfg = Release|Any CPU
		{06771467-9145-42EB-B3D1-EBCEAD8AF9EF}.Release|x64.Build.0 = Release|Any CPU
		{06771467-9145-42EB-B3D1-EBCEAD8AF9EF}.Release|x86.ActiveCfg = Release|Any CPU
		{06771467-9145-42EB-B3D1-EBCEAD8AF9EF}.Release|x86.Build.0 = Release|Any CPU
		{257676A4-5FC3-468B-9F16-F3E2EA039B86}.Debug|Any CPU.ActiveCfg = Debug|Any CPU
		{257676A4-5FC3-468B-9F16-F3E2EA039B86}.Debug|Any CPU.Build.0 = Debug|Any CPU
		{257676A4-5FC3-468B-9F16-F3E2EA039B86}.Debug|x64.ActiveCfg = Debug|Any CPU
		{257676A4-5FC3-468B-9F16-F3E2EA039B86}.Debug|x64.Build.0 = Debug|Any CPU
		{257676A4-5FC3-468B-9F16-F3E2EA039B86}.Debug|x86.ActiveCfg = Debug|Any CPU
		{257676A4-5FC3-468B-9F16-F3E2EA039B86}.Debug|x86.Build.0 = Debug|Any CPU
		{257676A4-5FC3-468B-9F16-F3E2EA039B86}.Release|Any CPU.ActiveCfg = Release|Any CPU
		{257676A4-5FC3-468B-9F16-F3E2EA039B86}.Release|Any CPU.Build.0 = Release|Any CPU
		{257676A4-5FC3-468B-9F16-F3E2EA039B86}.Release|x64.ActiveCfg = Release|Any CPU
		{257676A4-5FC3-468B-9F16-F3E2EA039B86}.Release|x64.Build.0 = Release|Any CPU
		{257676A4-5FC3-468B-9F16-F3E2EA039B86}.Release|x86.ActiveCfg = Release|Any CPU
		{257676A4-5FC3-468B-9F16-F3E2EA039B86}.Release|x86.Build.0 = Release|Any CPU
		{D1C60D23-2965-4AF9-BE5F-4ECD1A5A7036}.Debug|Any CPU.ActiveCfg = Debug|Any CPU
		{D1C60D23-2965-4AF9-BE5F-4ECD1A5A7036}.Debug|Any CPU.Build.0 = Debug|Any CPU
		{D1C60D23-2965-4AF9-BE5F-4ECD1A5A7036}.Debug|x64.ActiveCfg = Debug|Any CPU
		{D1C60D23-2965-4AF9-BE5F-4ECD1A5A7036}.Debug|x64.Build.0 = Debug|Any CPU
		{D1C60D23-2965-4AF9-BE5F-4ECD1A5A7036}.Debug|x86.ActiveCfg = Debug|Any CPU
		{D1C60D23-2965-4AF9-BE5F-4ECD1A5A7036}.Debug|x86.Build.0 = Debug|Any CPU
		{D1C60D23-2965-4AF9-BE5F-4ECD1A5A7036}.Release|Any CPU.ActiveCfg = Release|Any CPU
		{D1C60D23-2965-4AF9-BE5F-4ECD1A5A7036}.Release|Any CPU.Build.0 = Release|Any CPU
		{D1C60D23-2965-4AF9-BE5F-4ECD1A5A7036}.Release|x64.ActiveCfg = Release|Any CPU
		{D1C60D23-2965-4AF9-BE5F-4ECD1A5A7036}.Release|x64.Build.0 = Release|Any CPU
		{D1C60D23-2965-4AF9-BE5F-4ECD1A5A7036}.Release|x86.ActiveCfg = Release|Any CPU
		{D1C60D23-2965-4AF9-BE5F-4ECD1A5A7036}.Release|x86.Build.0 = Release|Any CPU
		{A1219CAB-8D5C-496F-8849-F834E6E8495D}.Debug|Any CPU.ActiveCfg = Debug|Any CPU
		{A1219CAB-8D5C-496F-8849-F834E6E8495D}.Debug|Any CPU.Build.0 = Debug|Any CPU
		{A1219CAB-8D5C-496F-8849-F834E6E8495D}.Debug|x64.ActiveCfg = Debug|Any CPU
		{A1219CAB-8D5C-496F-8849-F834E6E8495D}.Debug|x64.Build.0 = Debug|Any CPU
		{A1219CAB-8D5C-496F-8849-F834E6E8495D}.Debug|x86.ActiveCfg = Debug|Any CPU
		{A1219CAB-8D5C-496F-8849-F834E6E8495D}.Debug|x86.Build.0 = Debug|Any CPU
		{A1219CAB-8D5C-496F-8849-F834E6E8495D}.Release|Any CPU.ActiveCfg = Release|Any CPU
		{A1219CAB-8D5C-496F-8849-F834E6E8495D}.Release|Any CPU.Build.0 = Release|Any CPU
		{A1219CAB-8D5C-496F-8849-F834E6E8495D}.Release|x64.ActiveCfg = Release|Any CPU
		{A1219CAB-8D5C-496F-8849-F834E6E8495D}.Release|x64.Build.0 = Release|Any CPU
		{A1219CAB-8D5C-496F-8849-F834E6E8495D}.Release|x86.ActiveCfg = Release|Any CPU
		{A1219CAB-8D5C-496F-8849-F834E6E8495D}.Release|x86.Build.0 = Release|Any CPU
		{8FF966F8-E536-4579-B605-C8930B28715A}.Debug|Any CPU.ActiveCfg = Debug|Any CPU
		{8FF966F8-E536-4579-B605-C8930B28715A}.Debug|Any CPU.Build.0 = Debug|Any CPU
		{8FF966F8-E536-4579-B605-C8930B28715A}.Debug|x64.ActiveCfg = Debug|Any CPU
		{8FF966F8-E536-4579-B605-C8930B28715A}.Debug|x64.Build.0 = Debug|Any CPU
		{8FF966F8-E536-4579-B605-C8930B28715A}.Debug|x86.ActiveCfg = Debug|Any CPU
		{8FF966F8-E536-4579-B605-C8930B28715A}.Debug|x86.Build.0 = Debug|Any CPU
		{8FF966F8-E536-4579-B605-C8930B28715A}.Release|Any CPU.ActiveCfg = Release|Any CPU
		{8FF966F8-E536-4579-B605-C8930B28715A}.Release|Any CPU.Build.0 = Release|Any CPU
		{8FF966F8-E536-4579-B605-C8930B28715A}.Release|x64.ActiveCfg = Release|Any CPU
		{8FF966F8-E536-4579-B605-C8930B28715A}.Release|x64.Build.0 = Release|Any CPU
		{8FF966F8-E536-4579-B605-C8930B28715A}.Release|x86.ActiveCfg = Release|Any CPU
		{8FF966F8-E536-4579-B605-C8930B28715A}.Release|x86.Build.0 = Release|Any CPU
		{41BA9A00-113E-4CFF-96C9-7D8475328BCC}.Debug|Any CPU.ActiveCfg = Debug|Any CPU
		{41BA9A00-113E-4CFF-96C9-7D8475328BCC}.Debug|Any CPU.Build.0 = Debug|Any CPU
		{41BA9A00-113E-4CFF-96C9-7D8475328BCC}.Debug|x64.ActiveCfg = Debug|Any CPU
		{41BA9A00-113E-4CFF-96C9-7D8475328BCC}.Debug|x64.Build.0 = Debug|Any CPU
		{41BA9A00-113E-4CFF-96C9-7D8475328BCC}.Debug|x86.ActiveCfg = Debug|Any CPU
		{41BA9A00-113E-4CFF-96C9-7D8475328BCC}.Debug|x86.Build.0 = Debug|Any CPU
		{41BA9A00-113E-4CFF-96C9-7D8475328BCC}.Release|Any CPU.ActiveCfg = Release|Any CPU
		{41BA9A00-113E-4CFF-96C9-7D8475328BCC}.Release|Any CPU.Build.0 = Release|Any CPU
		{41BA9A00-113E-4CFF-96C9-7D8475328BCC}.Release|x64.ActiveCfg = Release|Any CPU
		{41BA9A00-113E-4CFF-96C9-7D8475328BCC}.Release|x64.Build.0 = Release|Any CPU
		{41BA9A00-113E-4CFF-96C9-7D8475328BCC}.Release|x86.ActiveCfg = Release|Any CPU
		{41BA9A00-113E-4CFF-96C9-7D8475328BCC}.Release|x86.Build.0 = Release|Any CPU
	EndGlobalSection
	GlobalSection(SolutionProperties) = preSolution
		HideSolutionNode = FALSE
	EndGlobalSection
	GlobalSection(NestedProjects) = preSolution
		{806A254D-17C5-4A58-B237-2685FBFC917A} = {AEC73A4F-887D-462D-A1BE-FC069B477221}
		{2BEE1857-5EF3-4F38-B263-0771ED0B47C5} = {AEC73A4F-887D-462D-A1BE-FC069B477221}
		{8B2B96D2-57F1-4092-B8DB-63AC1818BC69} = {B110FAFC-B7B3-40E9-A782-BA023894B7B4}
		{3F478D31-0733-41C8-9ABC-EAE3E81A8B8C} = {B110FAFC-B7B3-40E9-A782-BA023894B7B4}
		{06771467-9145-42EB-B3D1-EBCEAD8AF9EF} = {B110FAFC-B7B3-40E9-A782-BA023894B7B4}
		{257676A4-5FC3-468B-9F16-F3E2EA039B86} = {8B0AEB74-806A-4A2B-B9CC-6476077833F0}
		{596E6A49-D640-419D-8E7D-E12A38ABF8BC} = {2D816627-162F-4936-9D64-7E6EBC056F17}
		{D1C60D23-2965-4AF9-BE5F-4ECD1A5A7036} = {6FAE1AE1-E5D0-4E3F-81F8-AD556F499DC5}
		{A1219CAB-8D5C-496F-8849-F834E6E8495D} = {6FAE1AE1-E5D0-4E3F-81F8-AD556F499DC5}
		{8FF966F8-E536-4579-B605-C8930B28715A} = {62808A8F-B9E3-4613-81D2-AA13B5C4BFBE}
		{41BA9A00-113E-4CFF-96C9-7D8475328BCC} = {1DE96219-4B27-4A45-99DD-A47F59150DC6}
	EndGlobalSection
	GlobalSection(ExtensibilityGlobals) = postSolution
		SolutionGuid = {9BAD26BF-BE30-446B-AE30-D5831F06251C}
	EndGlobalSection
EndGlobal
