
Microsoft Visual Studio Solution File, Format Version 12.00
# Visual Studio Version 17
VisualStudioVersion = 17.2.32317.152
MinimumVisualStudioVersion = 10.0.40219.1
Project("{2150E333-8FDC-42A3-9474-1A3956D46DE8}") = "Brimborium.Registrator", "Brimborium.Registrator", "{AEC73A4F-887D-462D-A1BE-FC069B477221}"
EndProject
Project("{9A19103F-16F7-4668-BE54-9A1E7A4F7556}") = "Brimborium.Registrator.Abstractions", "Brimborium.Registrator\Brimborium.Registrator.Abstractions\Brimborium.Registrator.Abstractions.csproj", "{806A254D-17C5-4A58-B237-2685FBFC917A}"
EndProject
Project("{9A19103F-16F7-4668-BE54-9A1E7A4F7556}") = "Brimborium.Registrator", "Brimborium.Registrator\Brimborium.Registrator\Brimborium.Registrator.csproj", "{2BEE1857-5EF3-4F38-B263-0771ED0B47C5}"
EndProject
Project("{2150E333-8FDC-42A3-9474-1A3956D46DE8}") = "Brimborium.CodeFlow", "Brimborium.CodeFlow", "{C954A83B-6449-49F9-AFA1-9BEFFE298E69}"
EndProject
Project("{9A19103F-16F7-4668-BE54-9A1E7A4F7556}") = "Brimborium.CodeFlow.Abstracts", "Brimborium.CodeFlow\Brimborium.CodeFlow.Abstracts\Brimborium.CodeFlow.Abstracts.csproj", "{771A4E75-8475-4B71-A5CF-A551146D674D}"
EndProject
Project("{9A19103F-16F7-4668-BE54-9A1E7A4F7556}") = "Brimborium.CodeFlow", "Brimborium.CodeFlow\Brimborium.CodeFlow\Brimborium.CodeFlow.csproj", "{9D26C05A-DA10-4FC4-B7A5-4ABF4497BB4F}"
EndProject
Project("{9A19103F-16F7-4668-BE54-9A1E7A4F7556}") = "Brimborium.CodeFlow.Test", "Brimborium.CodeFlow\Brimborium.CodeFlow.Test\Brimborium.CodeFlow.Test.csproj", "{95D26ECD-DBAE-4317-BBA3-4D94B1BF0B53}"
EndProject
Project("{9A19103F-16F7-4668-BE54-9A1E7A4F7556}") = "Brimborium.Registrator.Test", "Brimborium.Registrator\Brimborium.Registrator.Test\Brimborium.Registrator.Test.csproj", "{4B0667DE-3A3A-4E9A-9EAB-0B1DAA84D292}"
EndProject
Project("{2150E333-8FDC-42A3-9474-1A3956D46DE8}") = "Brimborium.CodeBlocks", "Brimborium.CodeBlocks", "{FBFBC463-097B-4E68-8BE8-8F2A60EEA849}"
	ProjectSection(SolutionItems) = preProject
		Brimborium.CodeBlocks\README.md = Brimborium.CodeBlocks\README.md
	EndProjectSection
EndProject
Project("{9A19103F-16F7-4668-BE54-9A1E7A4F7556}") = "Brimborium.CodeBlocks", "Brimborium.CodeBlocks\Brimborium.CodeBlocks\Brimborium.CodeBlocks.csproj", "{7640500F-C193-4F0B-AEAE-78FF7EC6D795}"
EndProject
Project("{2150E333-8FDC-42A3-9474-1A3956D46DE8}") = "Brimborium.WebFlow", "Brimborium.WebFlow", "{E2595B08-E20A-46B5-92D1-3F69C958CE97}"
EndProject
Project("{9A19103F-16F7-4668-BE54-9A1E7A4F7556}") = "Brimborium.WebFlow", "Brimborium.WebFlow\Brimborium.WebFlow\Brimborium.WebFlow.csproj", "{9F75FBFB-B39C-44FC-9E91-C1B57537E6E3}"
EndProject
Project("{9A19103F-16F7-4668-BE54-9A1E7A4F7556}") = "Brimborium.WebFlow.Test", "Brimborium.WebFlow\Brimborium.WebFlow.Test\Brimborium.WebFlow.Test.csproj", "{8F0E2F40-BAB1-4737-B58B-9DCE37605300}"
EndProject
Project("{9A19103F-16F7-4668-BE54-9A1E7A4F7556}") = "Brimborium.WebFlow.Web", "Brimborium.WebFlow\Brimborium.WebFlow.Web\Brimborium.WebFlow.Web.csproj", "{3D98B61A-3BB0-4C36-9A17-B817AB8E2A13}"
EndProject
Project("{9A19103F-16F7-4668-BE54-9A1E7A4F7556}") = "Brimborium.CodeFlow.WebApp", "Brimborium.CodeFlow\Brimborium.CodeFlow.WebApp\Brimborium.CodeFlow.WebApp.csproj", "{BC6632CF-2A55-4541-8503-BE161FD14949}"
EndProject
Project("{2150E333-8FDC-42A3-9474-1A3956D46DE8}") = "Brimborium.TypedSql", "Brimborium.TypedSql", "{B110FAFC-B7B3-40E9-A782-BA023894B7B4}"
EndProject
Project("{9A19103F-16F7-4668-BE54-9A1E7A4F7556}") = "Brimborium.GenerateStoredProcedure", "Brimborium.TypedSql\Brimborium.GenerateStoredProcedure\Brimborium.GenerateStoredProcedure.csproj", "{8B2B96D2-57F1-4092-B8DB-63AC1818BC69}"
EndProject
Project("{9A19103F-16F7-4668-BE54-9A1E7A4F7556}") = "Brimborium.SqlAccess", "Brimborium.TypedSql\Brimborium.SqlAccess\Brimborium.SqlAccess.csproj", "{3F478D31-0733-41C8-9ABC-EAE3E81A8B8C}"
EndProject
Project("{9A19103F-16F7-4668-BE54-9A1E7A4F7556}") = "Brimborium.TypedStoredProcedure", "Brimborium.TypedSql\Brimborium.TypedStoredProcedure\Brimborium.TypedStoredProcedure.csproj", "{06771467-9145-42EB-B3D1-EBCEAD8AF9EF}"
EndProject
Project("{2150E333-8FDC-42A3-9474-1A3956D46DE8}") = "Solution Items", "Solution Items", "{2D816627-162F-4936-9D64-7E6EBC056F17}"
	ProjectSection(SolutionItems) = preProject
		nuget.config = nuget.config
	EndProjectSection
EndProject
Project("{9A19103F-16F7-4668-BE54-9A1E7A4F7556}") = "Brimborium.CodeBlocks.Library", "Brimborium.CodeBlocks\Brimborium.CodeBlocks.Library\Brimborium.CodeBlocks.Library.csproj", "{647C65AA-D05A-474D-BC06-6B98D003EE38}"
EndProject
Global
	GlobalSection(SolutionConfigurationPlatforms) = preSolution
		Debug|Any CPU = Debug|Any CPU
		Debug|x64 = Debug|x64
		Debug|x86 = Debug|x86
		Release|Any CPU = Release|Any CPU
		Release|x64 = Release|x64
		Release|x86 = Release|x86
	EndGlobalSection
	GlobalSection(ProjectConfigurationPlatforms) = postSolution
		{806A254D-17C5-4A58-B237-2685FBFC917A}.Debug|Any CPU.ActiveCfg = Debug|Any CPU
		{806A254D-17C5-4A58-B237-2685FBFC917A}.Debug|Any CPU.Build.0 = Debug|Any CPU
		{806A254D-17C5-4A58-B237-2685FBFC917A}.Debug|x64.ActiveCfg = Debug|Any CPU
		{806A254D-17C5-4A58-B237-2685FBFC917A}.Debug|x64.Build.0 = Debug|Any CPU
		{806A254D-17C5-4A58-B237-2685FBFC917A}.Debug|x86.ActiveCfg = Debug|Any CPU
		{806A254D-17C5-4A58-B237-2685FBFC917A}.Debug|x86.Build.0 = Debug|Any CPU
		{806A254D-17C5-4A58-B237-2685FBFC917A}.Release|Any CPU.ActiveCfg = Release|Any CPU
		{806A254D-17C5-4A58-B237-2685FBFC917A}.Release|Any CPU.Build.0 = Release|Any CPU
		{806A254D-17C5-4A58-B237-2685FBFC917A}.Release|x64.ActiveCfg = Release|Any CPU
		{806A254D-17C5-4A58-B237-2685FBFC917A}.Release|x64.Build.0 = Release|Any CPU
		{806A254D-17C5-4A58-B237-2685FBFC917A}.Release|x86.ActiveCfg = Release|Any CPU
		{806A254D-17C5-4A58-B237-2685FBFC917A}.Release|x86.Build.0 = Release|Any CPU
		{2BEE1857-5EF3-4F38-B263-0771ED0B47C5}.Debug|Any CPU.ActiveCfg = Debug|Any CPU
		{2BEE1857-5EF3-4F38-B263-0771ED0B47C5}.Debug|Any CPU.Build.0 = Debug|Any CPU
		{2BEE1857-5EF3-4F38-B263-0771ED0B47C5}.Debug|x64.ActiveCfg = Debug|Any CPU
		{2BEE1857-5EF3-4F38-B263-0771ED0B47C5}.Debug|x64.Build.0 = Debug|Any CPU
		{2BEE1857-5EF3-4F38-B263-0771ED0B47C5}.Debug|x86.ActiveCfg = Debug|Any CPU
		{2BEE1857-5EF3-4F38-B263-0771ED0B47C5}.Debug|x86.Build.0 = Debug|Any CPU
		{2BEE1857-5EF3-4F38-B263-0771ED0B47C5}.Release|Any CPU.ActiveCfg = Release|Any CPU
		{2BEE1857-5EF3-4F38-B263-0771ED0B47C5}.Release|Any CPU.Build.0 = Release|Any CPU
		{2BEE1857-5EF3-4F38-B263-0771ED0B47C5}.Release|x64.ActiveCfg = Release|Any CPU
		{2BEE1857-5EF3-4F38-B263-0771ED0B47C5}.Release|x64.Build.0 = Release|Any CPU
		{2BEE1857-5EF3-4F38-B263-0771ED0B47C5}.Release|x86.ActiveCfg = Release|Any CPU
		{2BEE1857-5EF3-4F38-B263-0771ED0B47C5}.Release|x86.Build.0 = Release|Any CPU
		{771A4E75-8475-4B71-A5CF-A551146D674D}.Debug|Any CPU.ActiveCfg = Debug|Any CPU
		{771A4E75-8475-4B71-A5CF-A551146D674D}.Debug|Any CPU.Build.0 = Debug|Any CPU
		{771A4E75-8475-4B71-A5CF-A551146D674D}.Debug|x64.ActiveCfg = Debug|Any CPU
		{771A4E75-8475-4B71-A5CF-A551146D674D}.Debug|x64.Build.0 = Debug|Any CPU
		{771A4E75-8475-4B71-A5CF-A551146D674D}.Debug|x86.ActiveCfg = Debug|Any CPU
		{771A4E75-8475-4B71-A5CF-A551146D674D}.Debug|x86.Build.0 = Debug|Any CPU
		{771A4E75-8475-4B71-A5CF-A551146D674D}.Release|Any CPU.ActiveCfg = Release|Any CPU
		{771A4E75-8475-4B71-A5CF-A551146D674D}.Release|Any CPU.Build.0 = Release|Any CPU
		{771A4E75-8475-4B71-A5CF-A551146D674D}.Release|x64.ActiveCfg = Release|Any CPU
		{771A4E75-8475-4B71-A5CF-A551146D674D}.Release|x64.Build.0 = Release|Any CPU
		{771A4E75-8475-4B71-A5CF-A551146D674D}.Release|x86.ActiveCfg = Release|Any CPU
		{771A4E75-8475-4B71-A5CF-A551146D674D}.Release|x86.Build.0 = Release|Any CPU
		{9D26C05A-DA10-4FC4-B7A5-4ABF4497BB4F}.Debug|Any CPU.ActiveCfg = Debug|Any CPU
		{9D26C05A-DA10-4FC4-B7A5-4ABF4497BB4F}.Debug|Any CPU.Build.0 = Debug|Any CPU
		{9D26C05A-DA10-4FC4-B7A5-4ABF4497BB4F}.Debug|x64.ActiveCfg = Debug|Any CPU
		{9D26C05A-DA10-4FC4-B7A5-4ABF4497BB4F}.Debug|x64.Build.0 = Debug|Any CPU
		{9D26C05A-DA10-4FC4-B7A5-4ABF4497BB4F}.Debug|x86.ActiveCfg = Debug|Any CPU
		{9D26C05A-DA10-4FC4-B7A5-4ABF4497BB4F}.Debug|x86.Build.0 = Debug|Any CPU
		{9D26C05A-DA10-4FC4-B7A5-4ABF4497BB4F}.Release|Any CPU.ActiveCfg = Release|Any CPU
		{9D26C05A-DA10-4FC4-B7A5-4ABF4497BB4F}.Release|Any CPU.Build.0 = Release|Any CPU
		{9D26C05A-DA10-4FC4-B7A5-4ABF4497BB4F}.Release|x64.ActiveCfg = Release|Any CPU
		{9D26C05A-DA10-4FC4-B7A5-4ABF4497BB4F}.Release|x64.Build.0 = Release|Any CPU
		{9D26C05A-DA10-4FC4-B7A5-4ABF4497BB4F}.Release|x86.ActiveCfg = Release|Any CPU
		{9D26C05A-DA10-4FC4-B7A5-4ABF4497BB4F}.Release|x86.Build.0 = Release|Any CPU
		{95D26ECD-DBAE-4317-BBA3-4D94B1BF0B53}.Debug|Any CPU.ActiveCfg = Debug|Any CPU
		{95D26ECD-DBAE-4317-BBA3-4D94B1BF0B53}.Debug|Any CPU.Build.0 = Debug|Any CPU
		{95D26ECD-DBAE-4317-BBA3-4D94B1BF0B53}.Debug|x64.ActiveCfg = Debug|Any CPU
		{95D26ECD-DBAE-4317-BBA3-4D94B1BF0B53}.Debug|x64.Build.0 = Debug|Any CPU
		{95D26ECD-DBAE-4317-BBA3-4D94B1BF0B53}.Debug|x86.ActiveCfg = Debug|Any CPU
		{95D26ECD-DBAE-4317-BBA3-4D94B1BF0B53}.Debug|x86.Build.0 = Debug|Any CPU
		{95D26ECD-DBAE-4317-BBA3-4D94B1BF0B53}.Release|Any CPU.ActiveCfg = Release|Any CPU
		{95D26ECD-DBAE-4317-BBA3-4D94B1BF0B53}.Release|Any CPU.Build.0 = Release|Any CPU
		{95D26ECD-DBAE-4317-BBA3-4D94B1BF0B53}.Release|x64.ActiveCfg = Release|Any CPU
		{95D26ECD-DBAE-4317-BBA3-4D94B1BF0B53}.Release|x64.Build.0 = Release|Any CPU
		{95D26ECD-DBAE-4317-BBA3-4D94B1BF0B53}.Release|x86.ActiveCfg = Release|Any CPU
		{95D26ECD-DBAE-4317-BBA3-4D94B1BF0B53}.Release|x86.Build.0 = Release|Any CPU
		{4B0667DE-3A3A-4E9A-9EAB-0B1DAA84D292}.Debug|Any CPU.ActiveCfg = Debug|Any CPU
		{4B0667DE-3A3A-4E9A-9EAB-0B1DAA84D292}.Debug|Any CPU.Build.0 = Debug|Any CPU
		{4B0667DE-3A3A-4E9A-9EAB-0B1DAA84D292}.Debug|x64.ActiveCfg = Debug|Any CPU
		{4B0667DE-3A3A-4E9A-9EAB-0B1DAA84D292}.Debug|x64.Build.0 = Debug|Any CPU
		{4B0667DE-3A3A-4E9A-9EAB-0B1DAA84D292}.Debug|x86.ActiveCfg = Debug|Any CPU
		{4B0667DE-3A3A-4E9A-9EAB-0B1DAA84D292}.Debug|x86.Build.0 = Debug|Any CPU
		{4B0667DE-3A3A-4E9A-9EAB-0B1DAA84D292}.Release|Any CPU.ActiveCfg = Release|Any CPU
		{4B0667DE-3A3A-4E9A-9EAB-0B1DAA84D292}.Release|Any CPU.Build.0 = Release|Any CPU
		{4B0667DE-3A3A-4E9A-9EAB-0B1DAA84D292}.Release|x64.ActiveCfg = Release|Any CPU
		{4B0667DE-3A3A-4E9A-9EAB-0B1DAA84D292}.Release|x64.Build.0 = Release|Any CPU
		{4B0667DE-3A3A-4E9A-9EAB-0B1DAA84D292}.Release|x86.ActiveCfg = Release|Any CPU
		{4B0667DE-3A3A-4E9A-9EAB-0B1DAA84D292}.Release|x86.Build.0 = Release|Any CPU
		{7640500F-C193-4F0B-AEAE-78FF7EC6D795}.Debug|Any CPU.ActiveCfg = Debug|Any CPU
		{7640500F-C193-4F0B-AEAE-78FF7EC6D795}.Debug|Any CPU.Build.0 = Debug|Any CPU
		{7640500F-C193-4F0B-AEAE-78FF7EC6D795}.Debug|x64.ActiveCfg = Debug|Any CPU
		{7640500F-C193-4F0B-AEAE-78FF7EC6D795}.Debug|x64.Build.0 = Debug|Any CPU
		{7640500F-C193-4F0B-AEAE-78FF7EC6D795}.Debug|x86.ActiveCfg = Debug|Any CPU
		{7640500F-C193-4F0B-AEAE-78FF7EC6D795}.Debug|x86.Build.0 = Debug|Any CPU
		{7640500F-C193-4F0B-AEAE-78FF7EC6D795}.Release|Any CPU.ActiveCfg = Release|Any CPU
		{7640500F-C193-4F0B-AEAE-78FF7EC6D795}.Release|Any CPU.Build.0 = Release|Any CPU
		{7640500F-C193-4F0B-AEAE-78FF7EC6D795}.Release|x64.ActiveCfg = Release|Any CPU
		{7640500F-C193-4F0B-AEAE-78FF7EC6D795}.Release|x64.Build.0 = Release|Any CPU
		{7640500F-C193-4F0B-AEAE-78FF7EC6D795}.Release|x86.ActiveCfg = Release|Any CPU
		{7640500F-C193-4F0B-AEAE-78FF7EC6D795}.Release|x86.Build.0 = Release|Any CPU
		{9F75FBFB-B39C-44FC-9E91-C1B57537E6E3}.Debug|Any CPU.ActiveCfg = Debug|Any CPU
		{9F75FBFB-B39C-44FC-9E91-C1B57537E6E3}.Debug|Any CPU.Build.0 = Debug|Any CPU
		{9F75FBFB-B39C-44FC-9E91-C1B57537E6E3}.Debug|x64.ActiveCfg = Debug|Any CPU
		{9F75FBFB-B39C-44FC-9E91-C1B57537E6E3}.Debug|x64.Build.0 = Debug|Any CPU
		{9F75FBFB-B39C-44FC-9E91-C1B57537E6E3}.Debug|x86.ActiveCfg = Debug|Any CPU
		{9F75FBFB-B39C-44FC-9E91-C1B57537E6E3}.Debug|x86.Build.0 = Debug|Any CPU
		{9F75FBFB-B39C-44FC-9E91-C1B57537E6E3}.Release|Any CPU.ActiveCfg = Release|Any CPU
		{9F75FBFB-B39C-44FC-9E91-C1B57537E6E3}.Release|Any CPU.Build.0 = Release|Any CPU
		{9F75FBFB-B39C-44FC-9E91-C1B57537E6E3}.Release|x64.ActiveCfg = Release|Any CPU
		{9F75FBFB-B39C-44FC-9E91-C1B57537E6E3}.Release|x64.Build.0 = Release|Any CPU
		{9F75FBFB-B39C-44FC-9E91-C1B57537E6E3}.Release|x86.ActiveCfg = Release|Any CPU
		{9F75FBFB-B39C-44FC-9E91-C1B57537E6E3}.Release|x86.Build.0 = Release|Any CPU
		{8F0E2F40-BAB1-4737-B58B-9DCE37605300}.Debug|Any CPU.ActiveCfg = Debug|Any CPU
		{8F0E2F40-BAB1-4737-B58B-9DCE37605300}.Debug|Any CPU.Build.0 = Debug|Any CPU
		{8F0E2F40-BAB1-4737-B58B-9DCE37605300}.Debug|x64.ActiveCfg = Debug|Any CPU
		{8F0E2F40-BAB1-4737-B58B-9DCE37605300}.Debug|x64.Build.0 = Debug|Any CPU
		{8F0E2F40-BAB1-4737-B58B-9DCE37605300}.Debug|x86.ActiveCfg = Debug|Any CPU
		{8F0E2F40-BAB1-4737-B58B-9DCE37605300}.Debug|x86.Build.0 = Debug|Any CPU
		{8F0E2F40-BAB1-4737-B58B-9DCE37605300}.Release|Any CPU.ActiveCfg = Release|Any CPU
		{8F0E2F40-BAB1-4737-B58B-9DCE37605300}.Release|Any CPU.Build.0 = Release|Any CPU
		{8F0E2F40-BAB1-4737-B58B-9DCE37605300}.Release|x64.ActiveCfg = Release|Any CPU
		{8F0E2F40-BAB1-4737-B58B-9DCE37605300}.Release|x64.Build.0 = Release|Any CPU
		{8F0E2F40-BAB1-4737-B58B-9DCE37605300}.Release|x86.ActiveCfg = Release|Any CPU
		{8F0E2F40-BAB1-4737-B58B-9DCE37605300}.Release|x86.Build.0 = Release|Any CPU
		{3D98B61A-3BB0-4C36-9A17-B817AB8E2A13}.Debug|Any CPU.ActiveCfg = Debug|Any CPU
		{3D98B61A-3BB0-4C36-9A17-B817AB8E2A13}.Debug|Any CPU.Build.0 = Debug|Any CPU
		{3D98B61A-3BB0-4C36-9A17-B817AB8E2A13}.Debug|x64.ActiveCfg = Debug|Any CPU
		{3D98B61A-3BB0-4C36-9A17-B817AB8E2A13}.Debug|x64.Build.0 = Debug|Any CPU
		{3D98B61A-3BB0-4C36-9A17-B817AB8E2A13}.Debug|x86.ActiveCfg = Debug|Any CPU
		{3D98B61A-3BB0-4C36-9A17-B817AB8E2A13}.Debug|x86.Build.0 = Debug|Any CPU
		{3D98B61A-3BB0-4C36-9A17-B817AB8E2A13}.Release|Any CPU.ActiveCfg = Release|Any CPU
		{3D98B61A-3BB0-4C36-9A17-B817AB8E2A13}.Release|Any CPU.Build.0 = Release|Any CPU
		{3D98B61A-3BB0-4C36-9A17-B817AB8E2A13}.Release|x64.ActiveCfg = Release|Any CPU
		{3D98B61A-3BB0-4C36-9A17-B817AB8E2A13}.Release|x64.Build.0 = Release|Any CPU
		{3D98B61A-3BB0-4C36-9A17-B817AB8E2A13}.Release|x86.ActiveCfg = Release|Any CPU
		{3D98B61A-3BB0-4C36-9A17-B817AB8E2A13}.Release|x86.Build.0 = Release|Any CPU
		{BC6632CF-2A55-4541-8503-BE161FD14949}.Debug|Any CPU.ActiveCfg = Debug|Any CPU
		{BC6632CF-2A55-4541-8503-BE161FD14949}.Debug|Any CPU.Build.0 = Debug|Any CPU
		{BC6632CF-2A55-4541-8503-BE161FD14949}.Debug|x64.ActiveCfg = Debug|Any CPU
		{BC6632CF-2A55-4541-8503-BE161FD14949}.Debug|x64.Build.0 = Debug|Any CPU
		{BC6632CF-2A55-4541-8503-BE161FD14949}.Debug|x86.ActiveCfg = Debug|Any CPU
		{BC6632CF-2A55-4541-8503-BE161FD14949}.Debug|x86.Build.0 = Debug|Any CPU
		{BC6632CF-2A55-4541-8503-BE161FD14949}.Release|Any CPU.ActiveCfg = Release|Any CPU
		{BC6632CF-2A55-4541-8503-BE161FD14949}.Release|Any CPU.Build.0 = Release|Any CPU
		{BC6632CF-2A55-4541-8503-BE161FD14949}.Release|x64.ActiveCfg = Release|Any CPU
		{BC6632CF-2A55-4541-8503-BE161FD14949}.Release|x64.Build.0 = Release|Any CPU
		{BC6632CF-2A55-4541-8503-BE161FD14949}.Release|x86.ActiveCfg = Release|Any CPU
		{BC6632CF-2A55-4541-8503-BE161FD14949}.Release|x86.Build.0 = Release|Any CPU
		{8B2B96D2-57F1-4092-B8DB-63AC1818BC69}.Debug|Any CPU.ActiveCfg = Debug|Any CPU
		{8B2B96D2-57F1-4092-B8DB-63AC1818BC69}.Debug|Any CPU.Build.0 = Debug|Any CPU
		{8B2B96D2-57F1-4092-B8DB-63AC1818BC69}.Debug|x64.ActiveCfg = Debug|Any CPU
		{8B2B96D2-57F1-4092-B8DB-63AC1818BC69}.Debug|x64.Build.0 = Debug|Any CPU
		{8B2B96D2-57F1-4092-B8DB-63AC1818BC69}.Debug|x86.ActiveCfg = Debug|Any CPU
		{8B2B96D2-57F1-4092-B8DB-63AC1818BC69}.Debug|x86.Build.0 = Debug|Any CPU
		{8B2B96D2-57F1-4092-B8DB-63AC1818BC69}.Release|Any CPU.ActiveCfg = Release|Any CPU
		{8B2B96D2-57F1-4092-B8DB-63AC1818BC69}.Release|Any CPU.Build.0 = Release|Any CPU
		{8B2B96D2-57F1-4092-B8DB-63AC1818BC69}.Release|x64.ActiveCfg = Release|Any CPU
		{8B2B96D2-57F1-4092-B8DB-63AC1818BC69}.Release|x64.Build.0 = Release|Any CPU
		{8B2B96D2-57F1-4092-B8DB-63AC1818BC69}.Release|x86.ActiveCfg = Release|Any CPU
		{8B2B96D2-57F1-4092-B8DB-63AC1818BC69}.Release|x86.Build.0 = Release|Any CPU
		{3F478D31-0733-41C8-9ABC-EAE3E81A8B8C}.Debug|Any CPU.ActiveCfg = Debug|Any CPU
		{3F478D31-0733-41C8-9ABC-EAE3E81A8B8C}.Debug|Any CPU.Build.0 = Debug|Any CPU
		{3F478D31-0733-41C8-9ABC-EAE3E81A8B8C}.Debug|x64.ActiveCfg = Debug|Any CPU
		{3F478D31-0733-41C8-9ABC-EAE3E81A8B8C}.Debug|x64.Build.0 = Debug|Any CPU
		{3F478D31-0733-41C8-9ABC-EAE3E81A8B8C}.Debug|x86.ActiveCfg = Debug|Any CPU
		{3F478D31-0733-41C8-9ABC-EAE3E81A8B8C}.Debug|x86.Build.0 = Debug|Any CPU
		{3F478D31-0733-41C8-9ABC-EAE3E81A8B8C}.Release|Any CPU.ActiveCfg = Release|Any CPU
		{3F478D31-0733-41C8-9ABC-EAE3E81A8B8C}.Release|Any CPU.Build.0 = Release|Any CPU
		{3F478D31-0733-41C8-9ABC-EAE3E81A8B8C}.Release|x64.ActiveCfg = Release|Any CPU
		{3F478D31-0733-41C8-9ABC-EAE3E81A8B8C}.Release|x64.Build.0 = Release|Any CPU
		{3F478D31-0733-41C8-9ABC-EAE3E81A8B8C}.Release|x86.ActiveCfg = Release|Any CPU
		{3F478D31-0733-41C8-9ABC-EAE3E81A8B8C}.Release|x86.Build.0 = Release|Any CPU
		{06771467-9145-42EB-B3D1-EBCEAD8AF9EF}.Debug|Any CPU.ActiveCfg = Debug|Any CPU
		{06771467-9145-42EB-B3D1-EBCEAD8AF9EF}.Debug|Any CPU.Build.0 = Debug|Any CPU
		{06771467-9145-42EB-B3D1-EBCEAD8AF9EF}.Debug|x64.ActiveCfg = Debug|Any CPU
		{06771467-9145-42EB-B3D1-EBCEAD8AF9EF}.Debug|x64.Build.0 = Debug|Any CPU
		{06771467-9145-42EB-B3D1-EBCEAD8AF9EF}.Debug|x86.ActiveCfg = Debug|Any CPU
		{06771467-9145-42EB-B3D1-EBCEAD8AF9EF}.Debug|x86.Build.0 = Debug|Any CPU
		{06771467-9145-42EB-B3D1-EBCEAD8AF9EF}.Release|Any CPU.ActiveCfg = Release|Any CPU
		{06771467-9145-42EB-B3D1-EBCEAD8AF9EF}.Release|Any CPU.Build.0 = Release|Any CPU
		{06771467-9145-42EB-B3D1-EBCEAD8AF9EF}.Release|x64.ActiveCfg = Release|Any CPU
		{06771467-9145-42EB-B3D1-EBCEAD8AF9EF}.Release|x64.Build.0 = Release|Any CPU
		{06771467-9145-42EB-B3D1-EBCEAD8AF9EF}.Release|x86.ActiveCfg = Release|Any CPU
		{06771467-9145-42EB-B3D1-EBCEAD8AF9EF}.Release|x86.Build.0 = Release|Any CPU
		{647C65AA-D05A-474D-BC06-6B98D003EE38}.Debug|Any CPU.ActiveCfg = Debug|Any CPU
		{647C65AA-D05A-474D-BC06-6B98D003EE38}.Debug|Any CPU.Build.0 = Debug|Any CPU
		{647C65AA-D05A-474D-BC06-6B98D003EE38}.Debug|x64.ActiveCfg = Debug|Any CPU
		{647C65AA-D05A-474D-BC06-6B98D003EE38}.Debug|x64.Build.0 = Debug|Any CPU
		{647C65AA-D05A-474D-BC06-6B98D003EE38}.Debug|x86.ActiveCfg = Debug|Any CPU
		{647C65AA-D05A-474D-BC06-6B98D003EE38}.Debug|x86.Build.0 = Debug|Any CPU
		{647C65AA-D05A-474D-BC06-6B98D003EE38}.Release|Any CPU.ActiveCfg = Release|Any CPU
		{647C65AA-D05A-474D-BC06-6B98D003EE38}.Release|Any CPU.Build.0 = Release|Any CPU
		{647C65AA-D05A-474D-BC06-6B98D003EE38}.Release|x64.ActiveCfg = Release|Any CPU
		{647C65AA-D05A-474D-BC06-6B98D003EE38}.Release|x64.Build.0 = Release|Any CPU
		{647C65AA-D05A-474D-BC06-6B98D003EE38}.Release|x86.ActiveCfg = Release|Any CPU
		{647C65AA-D05A-474D-BC06-6B98D003EE38}.Release|x86.Build.0 = Release|Any CPU
	EndGlobalSection
	GlobalSection(SolutionProperties) = preSolution
		HideSolutionNode = FALSE
	EndGlobalSection
	GlobalSection(NestedProjects) = preSolution
		{806A254D-17C5-4A58-B237-2685FBFC917A} = {AEC73A4F-887D-462D-A1BE-FC069B477221}
		{2BEE1857-5EF3-4F38-B263-0771ED0B47C5} = {AEC73A4F-887D-462D-A1BE-FC069B477221}
		{771A4E75-8475-4B71-A5CF-A551146D674D} = {C954A83B-6449-49F9-AFA1-9BEFFE298E69}
		{9D26C05A-DA10-4FC4-B7A5-4ABF4497BB4F} = {C954A83B-6449-49F9-AFA1-9BEFFE298E69}
		{95D26ECD-DBAE-4317-BBA3-4D94B1BF0B53} = {C954A83B-6449-49F9-AFA1-9BEFFE298E69}
		{4B0667DE-3A3A-4E9A-9EAB-0B1DAA84D292} = {AEC73A4F-887D-462D-A1BE-FC069B477221}
		{7640500F-C193-4F0B-AEAE-78FF7EC6D795} = {FBFBC463-097B-4E68-8BE8-8F2A60EEA849}
		{9F75FBFB-B39C-44FC-9E91-C1B57537E6E3} = {E2595B08-E20A-46B5-92D1-3F69C958CE97}
		{8F0E2F40-BAB1-4737-B58B-9DCE37605300} = {E2595B08-E20A-46B5-92D1-3F69C958CE97}
		{3D98B61A-3BB0-4C36-9A17-B817AB8E2A13} = {E2595B08-E20A-46B5-92D1-3F69C958CE97}
		{BC6632CF-2A55-4541-8503-BE161FD14949} = {C954A83B-6449-49F9-AFA1-9BEFFE298E69}
		{8B2B96D2-57F1-4092-B8DB-63AC1818BC69} = {B110FAFC-B7B3-40E9-A782-BA023894B7B4}
		{3F478D31-0733-41C8-9ABC-EAE3E81A8B8C} = {B110FAFC-B7B3-40E9-A782-BA023894B7B4}
		{06771467-9145-42EB-B3D1-EBCEAD8AF9EF} = {B110FAFC-B7B3-40E9-A782-BA023894B7B4}
		{647C65AA-D05A-474D-BC06-6B98D003EE38} = {FBFBC463-097B-4E68-8BE8-8F2A60EEA849}
	EndGlobalSection
	GlobalSection(ExtensibilityGlobals) = postSolution
		SolutionGuid = {9BAD26BF-BE30-446B-AE30-D5831F06251C}
	EndGlobalSection
EndGlobal
