
Microsoft Visual Studio Solution File, Format Version 12.00
# Visual Studio Version 17
VisualStudioVersion = 17.2.32422.2
MinimumVisualStudioVersion = 10.0.40219.1
Project("{9A19103F-16F7-4668-BE54-9A1E7A4F7556}") = "Brimborium.RowVersion.Contracts", "Brimborium.RowVersion.Contracts\Brimborium.RowVersion.Contracts.csproj", "{48F16FC6-916D-4C32-8F09-66EE3D4349A1}"
EndProject
Project("{9A19103F-16F7-4668-BE54-9A1E7A4F7556}") = "Brimborium.RowVersion", "Brimborium.RowVersion\Brimborium.RowVersion.csproj", "{8C45FA92-66BA-4530-945B-0710459E6F2E}"
EndProject
Project("{9A19103F-16F7-4668-BE54-9A1E7A4F7556}") = "Brimborium.RowVersion.Test", "Brimborium.RowVersion.Test\Brimborium.RowVersion.Test.csproj", "{BDDCC7FC-45B8-4A48-9904-19DD9ADF8955}"
EndProject
Global
	GlobalSection(SolutionConfigurationPlatforms) = preSolution
		Debug|Any CPU = Debug|Any CPU
		Release|Any CPU = Release|Any CPU
	EndGlobalSection
	GlobalSection(ProjectConfigurationPlatforms) = postSolution
		{48F16FC6-916D-4C32-8F09-66EE3D4349A1}.Debug|Any CPU.ActiveCfg = Debug|Any CPU
		{48F16FC6-916D-4C32-8F09-66EE3D4349A1}.Debug|Any CPU.Build.0 = Debug|Any CPU
		{48F16FC6-916D-4C32-8F09-66EE3D4349A1}.Release|Any CPU.ActiveCfg = Release|Any CPU
		{48F16FC6-916D-4C32-8F09-66EE3D4349A1}.Release|Any CPU.Build.0 = Release|Any CPU
		{8C45FA92-66BA-4530-945B-0710459E6F2E}.Debug|Any CPU.ActiveCfg = Debug|Any CPU
		{8C45FA92-66BA-4530-945B-0710459E6F2E}.Debug|Any CPU.Build.0 = Debug|Any CPU
		{8C45FA92-66BA-4530-945B-0710459E6F2E}.Release|Any CPU.ActiveCfg = Release|Any CPU
		{8C45FA92-66BA-4530-945B-0710459E6F2E}.Release|Any CPU.Build.0 = Release|Any CPU
		{BDDCC7FC-45B8-4A48-9904-19DD9ADF8955}.Debug|Any CPU.ActiveCfg = Debug|Any CPU
		{BDDCC7FC-45B8-4A48-9904-19DD9ADF8955}.Debug|Any CPU.Build.0 = Debug|Any CPU
		{BDDCC7FC-45B8-4A48-9904-19DD9ADF8955}.Release|Any CPU.ActiveCfg = Release|Any CPU
		{BDDCC7FC-45B8-4A48-9904-19DD9ADF8955}.Release|Any CPU.Build.0 = Release|Any CPU
	EndGlobalSection
	GlobalSection(SolutionProperties) = preSolution
		HideSolutionNode = FALSE
	EndGlobalSection
	GlobalSection(ExtensibilityGlobals) = postSolution
		SolutionGuid = {83EF5EF4-DB42-413A-9932-B4678D1E4C73}
	EndGlobalSection
EndGlobal
