
Microsoft Visual Studio Solution File, Format Version 12.00
# Visual Studio Version 17
VisualStudioVersion = 17.1.32421.90
MinimumVisualStudioVersion = 10.0.40219.1
Project("{2150E333-8FDC-42A3-9474-1A3956D46DE8}") = "Solution Items", "Solution Items", "{84538911-1CCA-4A18-8EA4-71E7AD963985}"
EndProject
Project("{9A19103F-16F7-4668-BE54-9A1E7A4F7556}") = "Brimborium.Configuration", "Brimborium.Configuration\Brimborium.Configuration.csproj", "{75266019-8C7B-4E68-86FC-AA9DF42F6AAA}"
EndProject
Project("{9A19103F-16F7-4668-BE54-9A1E7A4F7556}") = "Brimborium.Configuration.Test", "Brimborium.Configuration.Test\Brimborium.Configuration.Test.csproj", "{4C8C519F-2E33-42D6-B900-365A2F9542B4}"
EndProject
Global
	GlobalSection(SolutionConfigurationPlatforms) = preSolution
		Debug|Any CPU = Debug|Any CPU
		Release|Any CPU = Release|Any CPU
	EndGlobalSection
	GlobalSection(ProjectConfigurationPlatforms) = postSolution
		{75266019-8C7B-4E68-86FC-AA9DF42F6AAA}.Debug|Any CPU.ActiveCfg = Debug|Any CPU
		{75266019-8C7B-4E68-86FC-AA9DF42F6AAA}.Debug|Any CPU.Build.0 = Debug|Any CPU
		{75266019-8C7B-4E68-86FC-AA9DF42F6AAA}.Release|Any CPU.ActiveCfg = Release|Any CPU
		{75266019-8C7B-4E68-86FC-AA9DF42F6AAA}.Release|Any CPU.Build.0 = Release|Any CPU
		{4C8C519F-2E33-42D6-B900-365A2F9542B4}.Debug|Any CPU.ActiveCfg = Debug|Any CPU
		{4C8C519F-2E33-42D6-B900-365A2F9542B4}.Debug|Any CPU.Build.0 = Debug|Any CPU
		{4C8C519F-2E33-42D6-B900-365A2F9542B4}.Release|Any CPU.ActiveCfg = Release|Any CPU
		{4C8C519F-2E33-42D6-B900-365A2F9542B4}.Release|Any CPU.Build.0 = Release|Any CPU
	EndGlobalSection
	GlobalSection(SolutionProperties) = preSolution
		HideSolutionNode = FALSE
	EndGlobalSection
	GlobalSection(ExtensibilityGlobals) = postSolution
		SolutionGuid = {A6ED6A5A-D8AE-4BE0-A8A2-EA10690E2D9C}
	EndGlobalSection
EndGlobal
