
Microsoft Visual Studio Solution File, Format Version 12.00
# Visual Studio Version 16
VisualStudioVersion = 16.0.30114.105
MinimumVisualStudioVersion = 10.0.40219.1
Project("{9A19103F-16F7-4668-BE54-9A1E7A4F7556}") = "Brimborium.WebFlow", "Brimborium.WebFlow\Brimborium.WebFlow.csproj", "{A0D85B7E-DB4F-4E21-A68B-1EE6C0FEAB9C}"
EndProject
Project("{9A19103F-16F7-4668-BE54-9A1E7A4F7556}") = "Brimborium.WebFlow.Test", "Brimborium.WebFlow.Test\Brimborium.WebFlow.Test.csproj", "{7679D5E2-7B6C-436B-BC49-6D7193F75D4D}"
EndProject
Project("{2150E333-8FDC-42A3-9474-1A3956D46DE8}") = "Brimborium.Registrator", "Brimborium.Registrator", "{2EF67283-FC54-4049-AA30-1BF354698E31}"
EndProject
Project("{9A19103F-16F7-4668-BE54-9A1E7A4F7556}") = "Brimborium.Registrator.Abstractions", "..\Brimborium.Registrator\Brimborium.Registrator.Abstractions\Brimborium.Registrator.Abstractions.csproj", "{8FCB9832-6FDD-474D-A39D-4427516AFFF9}"
EndProject
Project("{9A19103F-16F7-4668-BE54-9A1E7A4F7556}") = "Brimborium.Registrator", "..\Brimborium.Registrator\Brimborium.Registrator\Brimborium.Registrator.csproj", "{BB331223-0CB2-41F2-8F9D-EEA361684445}"
EndProject
Project("{2150E333-8FDC-42A3-9474-1A3956D46DE8}") = "Brimborium.CodeFlow", "Brimborium.CodeFlow", "{F3B7651D-5F6D-4D2C-99BE-F1C0450FA699}"
EndProject
Project("{9A19103F-16F7-4668-BE54-9A1E7A4F7556}") = "Brimborium.CodeFlow.Abstracts", "..\Brimborium.CodeFlow\Brimborium.CodeFlow.Abstracts\Brimborium.CodeFlow.Abstracts.csproj", "{4C83EC00-21D1-4109-9905-46C77502124F}"
EndProject
Project("{9A19103F-16F7-4668-BE54-9A1E7A4F7556}") = "Brimborium.CodeFlow", "..\Brimborium.CodeFlow\Brimborium.CodeFlow\Brimborium.CodeFlow.csproj", "{10E9EF55-7644-4003-ABAB-E9B2ED6BAC67}"
EndProject
Project("{FAE04EC0-301F-11D3-BF4B-00C04F79EFBC}") = "Brimborium.WebFlow.Abstracts", "Brimborium.WebFlow.Abstracts\Brimborium.WebFlow.Abstracts.csproj", "{B5EC7815-9B06-41A4-9BA2-5AC34807B412}"
EndProject
Project("{2150E333-8FDC-42A3-9474-1A3956D46DE8}") = "Solution Items", "Solution Items", "{728B2C42-83FE-49E7-9D06-929D05D09ED4}"
	ProjectSection(SolutionItems) = preProject
		README.md = README.md
	EndProjectSection
EndProject
Project("{FAE04EC0-301F-11D3-BF4B-00C04F79EFBC}") = "Demo.Abstracts", "Demo.Abstracts\Demo.Abstracts.csproj", "{357FA052-7805-45B4-81D9-62324DF5DCDF}"
EndProject
Project("{FAE04EC0-301F-11D3-BF4B-00C04F79EFBC}") = "Demo.WebApplication", "Demo.WebApplication\Demo.WebApplication.csproj", "{41D9175E-5C63-4C80-9C40-1F914AF7C61C}"
EndProject
Project("{FAE04EC0-301F-11D3-BF4B-00C04F79EFBC}") = "Demo.Logic", "Demo.Logic\Demo.Logic.csproj", "{F98E2A7E-0A51-4D3E-B5BC-C84305C93038}"
EndProject
Project("{FAE04EC0-301F-11D3-BF4B-00C04F79EFBC}") = "Demo.Logic.Test", "Demo.Logic.Test\Demo.Logic.Test.csproj", "{D05EA99B-4132-4140-98F7-DE2051A6A1CB}"
EndProject
Project("{FAE04EC0-301F-11D3-BF4B-00C04F79EFBC}") = "Demo.WebApplication.Test", "Demo.WebApplication.Test\Demo.WebApplication.Test.csproj", "{1023963C-860B-4480-BAC4-A4786E30305D}"
EndProject
Project("{FAE04EC0-301F-11D3-BF4B-00C04F79EFBC}") = "Demo.Client", "Demo.Client\Demo.Client.csproj", "{B86E4D13-1236-4EB3-BD87-B3D3351ED7A6}"
EndProject
Project("{2150E333-8FDC-42A3-9474-1A3956D46DE8}") = "Demo", "Demo", "{66AFEA7A-872B-45E8-BEC1-99282B84BC45}"
EndProject
Global
	GlobalSection(SolutionConfigurationPlatforms) = preSolution
		Debug|Any CPU = Debug|Any CPU
		Debug|x64 = Debug|x64
		Debug|x86 = Debug|x86
		Release|Any CPU = Release|Any CPU
		Release|x64 = Release|x64
		Release|x86 = Release|x86
	EndGlobalSection
	GlobalSection(ProjectConfigurationPlatforms) = postSolution
		{A0D85B7E-DB4F-4E21-A68B-1EE6C0FEAB9C}.Debug|Any CPU.ActiveCfg = Debug|Any CPU
		{A0D85B7E-DB4F-4E21-A68B-1EE6C0FEAB9C}.Debug|Any CPU.Build.0 = Debug|Any CPU
		{A0D85B7E-DB4F-4E21-A68B-1EE6C0FEAB9C}.Debug|x64.ActiveCfg = Debug|Any CPU
		{A0D85B7E-DB4F-4E21-A68B-1EE6C0FEAB9C}.Debug|x64.Build.0 = Debug|Any CPU
		{A0D85B7E-DB4F-4E21-A68B-1EE6C0FEAB9C}.Debug|x86.ActiveCfg = Debug|Any CPU
		{A0D85B7E-DB4F-4E21-A68B-1EE6C0FEAB9C}.Debug|x86.Build.0 = Debug|Any CPU
		{A0D85B7E-DB4F-4E21-A68B-1EE6C0FEAB9C}.Release|Any CPU.ActiveCfg = Release|Any CPU
		{A0D85B7E-DB4F-4E21-A68B-1EE6C0FEAB9C}.Release|Any CPU.Build.0 = Release|Any CPU
		{A0D85B7E-DB4F-4E21-A68B-1EE6C0FEAB9C}.Release|x64.ActiveCfg = Release|Any CPU
		{A0D85B7E-DB4F-4E21-A68B-1EE6C0FEAB9C}.Release|x64.Build.0 = Release|Any CPU
		{A0D85B7E-DB4F-4E21-A68B-1EE6C0FEAB9C}.Release|x86.ActiveCfg = Release|Any CPU
		{A0D85B7E-DB4F-4E21-A68B-1EE6C0FEAB9C}.Release|x86.Build.0 = Release|Any CPU
		{7679D5E2-7B6C-436B-BC49-6D7193F75D4D}.Debug|Any CPU.ActiveCfg = Debug|Any CPU
		{7679D5E2-7B6C-436B-BC49-6D7193F75D4D}.Debug|Any CPU.Build.0 = Debug|Any CPU
		{7679D5E2-7B6C-436B-BC49-6D7193F75D4D}.Debug|x64.ActiveCfg = Debug|Any CPU
		{7679D5E2-7B6C-436B-BC49-6D7193F75D4D}.Debug|x64.Build.0 = Debug|Any CPU
		{7679D5E2-7B6C-436B-BC49-6D7193F75D4D}.Debug|x86.ActiveCfg = Debug|Any CPU
		{7679D5E2-7B6C-436B-BC49-6D7193F75D4D}.Debug|x86.Build.0 = Debug|Any CPU
		{7679D5E2-7B6C-436B-BC49-6D7193F75D4D}.Release|Any CPU.ActiveCfg = Release|Any CPU
		{7679D5E2-7B6C-436B-BC49-6D7193F75D4D}.Release|Any CPU.Build.0 = Release|Any CPU
		{7679D5E2-7B6C-436B-BC49-6D7193F75D4D}.Release|x64.ActiveCfg = Release|Any CPU
		{7679D5E2-7B6C-436B-BC49-6D7193F75D4D}.Release|x64.Build.0 = Release|Any CPU
		{7679D5E2-7B6C-436B-BC49-6D7193F75D4D}.Release|x86.ActiveCfg = Release|Any CPU
		{7679D5E2-7B6C-436B-BC49-6D7193F75D4D}.Release|x86.Build.0 = Release|Any CPU
		{8FCB9832-6FDD-474D-A39D-4427516AFFF9}.Debug|Any CPU.ActiveCfg = Debug|Any CPU
		{8FCB9832-6FDD-474D-A39D-4427516AFFF9}.Debug|Any CPU.Build.0 = Debug|Any CPU
		{8FCB9832-6FDD-474D-A39D-4427516AFFF9}.Debug|x64.ActiveCfg = Debug|Any CPU
		{8FCB9832-6FDD-474D-A39D-4427516AFFF9}.Debug|x64.Build.0 = Debug|Any CPU
		{8FCB9832-6FDD-474D-A39D-4427516AFFF9}.Debug|x86.ActiveCfg = Debug|Any CPU
		{8FCB9832-6FDD-474D-A39D-4427516AFFF9}.Debug|x86.Build.0 = Debug|Any CPU
		{8FCB9832-6FDD-474D-A39D-4427516AFFF9}.Release|Any CPU.ActiveCfg = Release|Any CPU
		{8FCB9832-6FDD-474D-A39D-4427516AFFF9}.Release|Any CPU.Build.0 = Release|Any CPU
		{8FCB9832-6FDD-474D-A39D-4427516AFFF9}.Release|x64.ActiveCfg = Release|Any CPU
		{8FCB9832-6FDD-474D-A39D-4427516AFFF9}.Release|x64.Build.0 = Release|Any CPU
		{8FCB9832-6FDD-474D-A39D-4427516AFFF9}.Release|x86.ActiveCfg = Release|Any CPU
		{8FCB9832-6FDD-474D-A39D-4427516AFFF9}.Release|x86.Build.0 = Release|Any CPU
		{BB331223-0CB2-41F2-8F9D-EEA361684445}.Debug|Any CPU.ActiveCfg = Debug|Any CPU
		{BB331223-0CB2-41F2-8F9D-EEA361684445}.Debug|Any CPU.Build.0 = Debug|Any CPU
		{BB331223-0CB2-41F2-8F9D-EEA361684445}.Debug|x64.ActiveCfg = Debug|Any CPU
		{BB331223-0CB2-41F2-8F9D-EEA361684445}.Debug|x64.Build.0 = Debug|Any CPU
		{BB331223-0CB2-41F2-8F9D-EEA361684445}.Debug|x86.ActiveCfg = Debug|Any CPU
		{BB331223-0CB2-41F2-8F9D-EEA361684445}.Debug|x86.Build.0 = Debug|Any CPU
		{BB331223-0CB2-41F2-8F9D-EEA361684445}.Release|Any CPU.ActiveCfg = Release|Any CPU
		{BB331223-0CB2-41F2-8F9D-EEA361684445}.Release|Any CPU.Build.0 = Release|Any CPU
		{BB331223-0CB2-41F2-8F9D-EEA361684445}.Release|x64.ActiveCfg = Release|Any CPU
		{BB331223-0CB2-41F2-8F9D-EEA361684445}.Release|x64.Build.0 = Release|Any CPU
		{BB331223-0CB2-41F2-8F9D-EEA361684445}.Release|x86.ActiveCfg = Release|Any CPU
		{BB331223-0CB2-41F2-8F9D-EEA361684445}.Release|x86.Build.0 = Release|Any CPU
		{4C83EC00-21D1-4109-9905-46C77502124F}.Debug|Any CPU.ActiveCfg = Debug|Any CPU
		{4C83EC00-21D1-4109-9905-46C77502124F}.Debug|Any CPU.Build.0 = Debug|Any CPU
		{4C83EC00-21D1-4109-9905-46C77502124F}.Debug|x64.ActiveCfg = Debug|Any CPU
		{4C83EC00-21D1-4109-9905-46C77502124F}.Debug|x64.Build.0 = Debug|Any CPU
		{4C83EC00-21D1-4109-9905-46C77502124F}.Debug|x86.ActiveCfg = Debug|Any CPU
		{4C83EC00-21D1-4109-9905-46C77502124F}.Debug|x86.Build.0 = Debug|Any CPU
		{4C83EC00-21D1-4109-9905-46C77502124F}.Release|Any CPU.ActiveCfg = Release|Any CPU
		{4C83EC00-21D1-4109-9905-46C77502124F}.Release|Any CPU.Build.0 = Release|Any CPU
		{4C83EC00-21D1-4109-9905-46C77502124F}.Release|x64.ActiveCfg = Release|Any CPU
		{4C83EC00-21D1-4109-9905-46C77502124F}.Release|x64.Build.0 = Release|Any CPU
		{4C83EC00-21D1-4109-9905-46C77502124F}.Release|x86.ActiveCfg = Release|Any CPU
		{4C83EC00-21D1-4109-9905-46C77502124F}.Release|x86.Build.0 = Release|Any CPU
		{10E9EF55-7644-4003-ABAB-E9B2ED6BAC67}.Debug|Any CPU.ActiveCfg = Debug|Any CPU
		{10E9EF55-7644-4003-ABAB-E9B2ED6BAC67}.Debug|Any CPU.Build.0 = Debug|Any CPU
		{10E9EF55-7644-4003-ABAB-E9B2ED6BAC67}.Debug|x64.ActiveCfg = Debug|Any CPU
		{10E9EF55-7644-4003-ABAB-E9B2ED6BAC67}.Debug|x64.Build.0 = Debug|Any CPU
		{10E9EF55-7644-4003-ABAB-E9B2ED6BAC67}.Debug|x86.ActiveCfg = Debug|Any CPU
		{10E9EF55-7644-4003-ABAB-E9B2ED6BAC67}.Debug|x86.Build.0 = Debug|Any CPU
		{10E9EF55-7644-4003-ABAB-E9B2ED6BAC67}.Release|Any CPU.ActiveCfg = Release|Any CPU
		{10E9EF55-7644-4003-ABAB-E9B2ED6BAC67}.Release|Any CPU.Build.0 = Release|Any CPU
		{10E9EF55-7644-4003-ABAB-E9B2ED6BAC67}.Release|x64.ActiveCfg = Release|Any CPU
		{10E9EF55-7644-4003-ABAB-E9B2ED6BAC67}.Release|x64.Build.0 = Release|Any CPU
		{10E9EF55-7644-4003-ABAB-E9B2ED6BAC67}.Release|x86.ActiveCfg = Release|Any CPU
		{10E9EF55-7644-4003-ABAB-E9B2ED6BAC67}.Release|x86.Build.0 = Release|Any CPU
		{B5EC7815-9B06-41A4-9BA2-5AC34807B412}.Debug|Any CPU.ActiveCfg = Debug|Any CPU
		{B5EC7815-9B06-41A4-9BA2-5AC34807B412}.Debug|Any CPU.Build.0 = Debug|Any CPU
		{B5EC7815-9B06-41A4-9BA2-5AC34807B412}.Debug|x64.ActiveCfg = Debug|Any CPU
		{B5EC7815-9B06-41A4-9BA2-5AC34807B412}.Debug|x64.Build.0 = Debug|Any CPU
		{B5EC7815-9B06-41A4-9BA2-5AC34807B412}.Debug|x86.ActiveCfg = Debug|Any CPU
		{B5EC7815-9B06-41A4-9BA2-5AC34807B412}.Debug|x86.Build.0 = Debug|Any CPU
		{B5EC7815-9B06-41A4-9BA2-5AC34807B412}.Release|Any CPU.ActiveCfg = Release|Any CPU
		{B5EC7815-9B06-41A4-9BA2-5AC34807B412}.Release|Any CPU.Build.0 = Release|Any CPU
		{B5EC7815-9B06-41A4-9BA2-5AC34807B412}.Release|x64.ActiveCfg = Release|Any CPU
		{B5EC7815-9B06-41A4-9BA2-5AC34807B412}.Release|x64.Build.0 = Release|Any CPU
		{B5EC7815-9B06-41A4-9BA2-5AC34807B412}.Release|x86.ActiveCfg = Release|Any CPU
		{B5EC7815-9B06-41A4-9BA2-5AC34807B412}.Release|x86.Build.0 = Release|Any CPU
		{357FA052-7805-45B4-81D9-62324DF5DCDF}.Debug|Any CPU.ActiveCfg = Debug|Any CPU
		{357FA052-7805-45B4-81D9-62324DF5DCDF}.Debug|Any CPU.Build.0 = Debug|Any CPU
		{357FA052-7805-45B4-81D9-62324DF5DCDF}.Debug|x64.ActiveCfg = Debug|Any CPU
		{357FA052-7805-45B4-81D9-62324DF5DCDF}.Debug|x64.Build.0 = Debug|Any CPU
		{357FA052-7805-45B4-81D9-62324DF5DCDF}.Debug|x86.ActiveCfg = Debug|Any CPU
		{357FA052-7805-45B4-81D9-62324DF5DCDF}.Debug|x86.Build.0 = Debug|Any CPU
		{357FA052-7805-45B4-81D9-62324DF5DCDF}.Release|Any CPU.ActiveCfg = Release|Any CPU
		{357FA052-7805-45B4-81D9-62324DF5DCDF}.Release|Any CPU.Build.0 = Release|Any CPU
		{357FA052-7805-45B4-81D9-62324DF5DCDF}.Release|x64.ActiveCfg = Release|Any CPU
		{357FA052-7805-45B4-81D9-62324DF5DCDF}.Release|x64.Build.0 = Release|Any CPU
		{357FA052-7805-45B4-81D9-62324DF5DCDF}.Release|x86.ActiveCfg = Release|Any CPU
		{357FA052-7805-45B4-81D9-62324DF5DCDF}.Release|x86.Build.0 = Release|Any CPU
		{41D9175E-5C63-4C80-9C40-1F914AF7C61C}.Debug|Any CPU.ActiveCfg = Debug|Any CPU
		{41D9175E-5C63-4C80-9C40-1F914AF7C61C}.Debug|Any CPU.Build.0 = Debug|Any CPU
		{41D9175E-5C63-4C80-9C40-1F914AF7C61C}.Debug|x64.ActiveCfg = Debug|Any CPU
		{41D9175E-5C63-4C80-9C40-1F914AF7C61C}.Debug|x64.Build.0 = Debug|Any CPU
		{41D9175E-5C63-4C80-9C40-1F914AF7C61C}.Debug|x86.ActiveCfg = Debug|Any CPU
		{41D9175E-5C63-4C80-9C40-1F914AF7C61C}.Debug|x86.Build.0 = Debug|Any CPU
		{41D9175E-5C63-4C80-9C40-1F914AF7C61C}.Release|Any CPU.ActiveCfg = Release|Any CPU
		{41D9175E-5C63-4C80-9C40-1F914AF7C61C}.Release|Any CPU.Build.0 = Release|Any CPU
		{41D9175E-5C63-4C80-9C40-1F914AF7C61C}.Release|x64.ActiveCfg = Release|Any CPU
		{41D9175E-5C63-4C80-9C40-1F914AF7C61C}.Release|x64.Build.0 = Release|Any CPU
		{41D9175E-5C63-4C80-9C40-1F914AF7C61C}.Release|x86.ActiveCfg = Release|Any CPU
		{41D9175E-5C63-4C80-9C40-1F914AF7C61C}.Release|x86.Build.0 = Release|Any CPU
		{F98E2A7E-0A51-4D3E-B5BC-C84305C93038}.Debug|Any CPU.ActiveCfg = Debug|Any CPU
		{F98E2A7E-0A51-4D3E-B5BC-C84305C93038}.Debug|Any CPU.Build.0 = Debug|Any CPU
		{F98E2A7E-0A51-4D3E-B5BC-C84305C93038}.Debug|x64.ActiveCfg = Debug|Any CPU
		{F98E2A7E-0A51-4D3E-B5BC-C84305C93038}.Debug|x64.Build.0 = Debug|Any CPU
		{F98E2A7E-0A51-4D3E-B5BC-C84305C93038}.Debug|x86.ActiveCfg = Debug|Any CPU
		{F98E2A7E-0A51-4D3E-B5BC-C84305C93038}.Debug|x86.Build.0 = Debug|Any CPU
		{F98E2A7E-0A51-4D3E-B5BC-C84305C93038}.Release|Any CPU.ActiveCfg = Release|Any CPU
		{F98E2A7E-0A51-4D3E-B5BC-C84305C93038}.Release|Any CPU.Build.0 = Release|Any CPU
		{F98E2A7E-0A51-4D3E-B5BC-C84305C93038}.Release|x64.ActiveCfg = Release|Any CPU
		{F98E2A7E-0A51-4D3E-B5BC-C84305C93038}.Release|x64.Build.0 = Release|Any CPU
		{F98E2A7E-0A51-4D3E-B5BC-C84305C93038}.Release|x86.ActiveCfg = Release|Any CPU
		{F98E2A7E-0A51-4D3E-B5BC-C84305C93038}.Release|x86.Build.0 = Release|Any CPU
		{D05EA99B-4132-4140-98F7-DE2051A6A1CB}.Debug|Any CPU.ActiveCfg = Debug|Any CPU
		{D05EA99B-4132-4140-98F7-DE2051A6A1CB}.Debug|Any CPU.Build.0 = Debug|Any CPU
		{D05EA99B-4132-4140-98F7-DE2051A6A1CB}.Debug|x64.ActiveCfg = Debug|Any CPU
		{D05EA99B-4132-4140-98F7-DE2051A6A1CB}.Debug|x64.Build.0 = Debug|Any CPU
		{D05EA99B-4132-4140-98F7-DE2051A6A1CB}.Debug|x86.ActiveCfg = Debug|Any CPU
		{D05EA99B-4132-4140-98F7-DE2051A6A1CB}.Debug|x86.Build.0 = Debug|Any CPU
		{D05EA99B-4132-4140-98F7-DE2051A6A1CB}.Release|Any CPU.ActiveCfg = Release|Any CPU
		{D05EA99B-4132-4140-98F7-DE2051A6A1CB}.Release|Any CPU.Build.0 = Release|Any CPU
		{D05EA99B-4132-4140-98F7-DE2051A6A1CB}.Release|x64.ActiveCfg = Release|Any CPU
		{D05EA99B-4132-4140-98F7-DE2051A6A1CB}.Release|x64.Build.0 = Release|Any CPU
		{D05EA99B-4132-4140-98F7-DE2051A6A1CB}.Release|x86.ActiveCfg = Release|Any CPU
		{D05EA99B-4132-4140-98F7-DE2051A6A1CB}.Release|x86.Build.0 = Release|Any CPU
		{1023963C-860B-4480-BAC4-A4786E30305D}.Debug|Any CPU.ActiveCfg = Debug|Any CPU
		{1023963C-860B-4480-BAC4-A4786E30305D}.Debug|Any CPU.Build.0 = Debug|Any CPU
		{1023963C-860B-4480-BAC4-A4786E30305D}.Debug|x64.ActiveCfg = Debug|Any CPU
		{1023963C-860B-4480-BAC4-A4786E30305D}.Debug|x64.Build.0 = Debug|Any CPU
		{1023963C-860B-4480-BAC4-A4786E30305D}.Debug|x86.ActiveCfg = Debug|Any CPU
		{1023963C-860B-4480-BAC4-A4786E30305D}.Debug|x86.Build.0 = Debug|Any CPU
		{1023963C-860B-4480-BAC4-A4786E30305D}.Release|Any CPU.ActiveCfg = Release|Any CPU
		{1023963C-860B-4480-BAC4-A4786E30305D}.Release|Any CPU.Build.0 = Release|Any CPU
		{1023963C-860B-4480-BAC4-A4786E30305D}.Release|x64.ActiveCfg = Release|Any CPU
		{1023963C-860B-4480-BAC4-A4786E30305D}.Release|x64.Build.0 = Release|Any CPU
		{1023963C-860B-4480-BAC4-A4786E30305D}.Release|x86.ActiveCfg = Release|Any CPU
		{1023963C-860B-4480-BAC4-A4786E30305D}.Release|x86.Build.0 = Release|Any CPU
		{B86E4D13-1236-4EB3-BD87-B3D3351ED7A6}.Debug|Any CPU.ActiveCfg = Debug|Any CPU
		{B86E4D13-1236-4EB3-BD87-B3D3351ED7A6}.Debug|Any CPU.Build.0 = Debug|Any CPU
		{B86E4D13-1236-4EB3-BD87-B3D3351ED7A6}.Debug|x64.ActiveCfg = Debug|Any CPU
		{B86E4D13-1236-4EB3-BD87-B3D3351ED7A6}.Debug|x64.Build.0 = Debug|Any CPU
		{B86E4D13-1236-4EB3-BD87-B3D3351ED7A6}.Debug|x86.ActiveCfg = Debug|Any CPU
		{B86E4D13-1236-4EB3-BD87-B3D3351ED7A6}.Debug|x86.Build.0 = Debug|Any CPU
		{B86E4D13-1236-4EB3-BD87-B3D3351ED7A6}.Release|Any CPU.ActiveCfg = Release|Any CPU
		{B86E4D13-1236-4EB3-BD87-B3D3351ED7A6}.Release|Any CPU.Build.0 = Release|Any CPU
		{B86E4D13-1236-4EB3-BD87-B3D3351ED7A6}.Release|x64.ActiveCfg = Release|Any CPU
		{B86E4D13-1236-4EB3-BD87-B3D3351ED7A6}.Release|x64.Build.0 = Release|Any CPU
		{B86E4D13-1236-4EB3-BD87-B3D3351ED7A6}.Release|x86.ActiveCfg = Release|Any CPU
		{B86E4D13-1236-4EB3-BD87-B3D3351ED7A6}.Release|x86.Build.0 = Release|Any CPU
	EndGlobalSection
	GlobalSection(SolutionProperties) = preSolution
		HideSolutionNode = FALSE
	EndGlobalSection
	GlobalSection(NestedProjects) = preSolution
		{8FCB9832-6FDD-474D-A39D-4427516AFFF9} = {2EF67283-FC54-4049-AA30-1BF354698E31}
		{BB331223-0CB2-41F2-8F9D-EEA361684445} = {2EF67283-FC54-4049-AA30-1BF354698E31}
		{4C83EC00-21D1-4109-9905-46C77502124F} = {F3B7651D-5F6D-4D2C-99BE-F1C0450FA699}
		{10E9EF55-7644-4003-ABAB-E9B2ED6BAC67} = {F3B7651D-5F6D-4D2C-99BE-F1C0450FA699}
		{357FA052-7805-45B4-81D9-62324DF5DCDF} = {66AFEA7A-872B-45E8-BEC1-99282B84BC45}
		{41D9175E-5C63-4C80-9C40-1F914AF7C61C} = {66AFEA7A-872B-45E8-BEC1-99282B84BC45}
		{F98E2A7E-0A51-4D3E-B5BC-C84305C93038} = {66AFEA7A-872B-45E8-BEC1-99282B84BC45}
		{D05EA99B-4132-4140-98F7-DE2051A6A1CB} = {66AFEA7A-872B-45E8-BEC1-99282B84BC45}
		{1023963C-860B-4480-BAC4-A4786E30305D} = {66AFEA7A-872B-45E8-BEC1-99282B84BC45}
		{B86E4D13-1236-4EB3-BD87-B3D3351ED7A6} = {66AFEA7A-872B-45E8-BEC1-99282B84BC45}
	EndGlobalSection
	GlobalSection(ExtensibilityGlobals) = postSolution
		SolutionGuid = {1A4F418D-A657-448B-88DF-61964F95600F}
	EndGlobalSection
EndGlobal
