
Microsoft Visual Studio Solution File, Format Version 12.00
# Visual Studio Version 16
VisualStudioVersion = 16.0.30114.105
MinimumVisualStudioVersion = 10.0.40219.1
Project("{2150E333-8FDC-42A3-9474-1A3956D46DE8}") = "Solution Items", "Solution Items", "{4BE75DFB-F136-425C-ACCE-BF7030C11C80}"
	ProjectSection(SolutionItems) = preProject
		Directory.Build.props = Directory.Build.props
		global.json = global.json
		README.md = README.md
		version.json = version.json
	EndProjectSection
EndProject
Project("{9A19103F-16F7-4668-BE54-9A1E7A4F7556}") = "Brimborium.CodeBlocks", "Brimborium.CodeBlocks\Brimborium.CodeBlocks.csproj", "{47445CA5-1F21-4D8C-9A02-880223F064D9}"
	ProjectSection(ProjectDependencies) = postProject
		{42376DB5-9DE6-437C-823F-D4B3DCCAEE04} = {42376DB5-9DE6-437C-823F-D4B3DCCAEE04}
	EndProjectSection
EndProject
Project("{9A19103F-16F7-4668-BE54-9A1E7A4F7556}") = "Brimborium.CodeBlocks.Library", "Brimborium.CodeBlocks.Library\Brimborium.CodeBlocks.Library.csproj", "{17A2F8C4-303F-44D2-A736-DCCDB5BDB956}"
EndProject
Project("{9A19103F-16F7-4668-BE54-9A1E7A4F7556}") = "Brimborium.CodeBlocks.Library.Test", "Brimborium.CodeBlocks.Library.Test\Brimborium.CodeBlocks.Library.Test.csproj", "{DE75DA55-6FAD-4F86-8ADF-826BEE1969A2}"
EndProject
Project("{9A19103F-16F7-4668-BE54-9A1E7A4F7556}") = "Brimborium.Typing", "Brimborium.Typing\Brimborium.Typing.csproj", "{CC4F197C-DC7A-4315-969C-F9B072E9F371}"
EndProject
Project("{9A19103F-16F7-4668-BE54-9A1E7A4F7556}") = "Brimborium.Typing.Test", "Brimborium.Typing.Test\Brimborium.Typing.Test.csproj", "{3C4029FE-8D7F-4A24-BB94-C39BCDA4308F}"
EndProject
Project("{2150E333-8FDC-42A3-9474-1A3956D46DE8}") = "Demo", "Demo", "{BF378801-F5E8-46ED-9DED-A01EFEA6E34A}"
EndProject
Project("{9A19103F-16F7-4668-BE54-9A1E7A4F7556}") = "Demo.Abstracts", "Demo.Abstracts\Demo.Abstracts.csproj", "{4C837289-C0A6-4B66-965E-F0D8F58D155B}"
EndProject
Project("{9A19103F-16F7-4668-BE54-9A1E7A4F7556}") = "Demo.WebApplication", "Demo.WebApplication\Demo.WebApplication.csproj", "{712D91E6-996C-4D64-A59A-5ADFDD5DAEA8}"
EndProject
Project("{9A19103F-16F7-4668-BE54-9A1E7A4F7556}") = "Demo.Logic", "Demo.Logic\Demo.Logic.csproj", "{779EBEBA-415B-47D6-9C33-77E1DFA7C2C0}"
EndProject
Project("{9A19103F-16F7-4668-BE54-9A1E7A4F7556}") = "Demo.CodeGen", "Demo.CodeGen\Demo.CodeGen.csproj", "{42376DB5-9DE6-437C-823F-D4B3DCCAEE04}"
EndProject
Project("{9A19103F-16F7-4668-BE54-9A1E7A4F7556}") = "Brimborium.CodeFlow.Abstracts", "..\Brimborium.CodeFlow\Brimborium.CodeFlow.Abstracts\Brimborium.CodeFlow.Abstracts.csproj", "{4CB0311C-9AF7-4EAA-9F4C-B32FC94E8F69}"
EndProject
Project("{9A19103F-16F7-4668-BE54-9A1E7A4F7556}") = "Brimborium.CodeFlow", "..\Brimborium.CodeFlow\Brimborium.CodeFlow\Brimborium.CodeFlow.csproj", "{D84CA625-020E-47F5-80A5-E7450E25EE23}"
EndProject
Project("{9A19103F-16F7-4668-BE54-9A1E7A4F7556}") = "Brimborium.Registrator.Abstractions", "..\Brimborium.Registrator\Brimborium.Registrator.Abstractions\Brimborium.Registrator.Abstractions.csproj", "{FE862DC5-187E-4EBE-96AD-F17E28D1C381}"
EndProject
Project("{9A19103F-16F7-4668-BE54-9A1E7A4F7556}") = "Brimborium.Registrator", "..\Brimborium.Registrator\Brimborium.Registrator\Brimborium.Registrator.csproj", "{370A6614-FA22-4674-8D63-1CADBEDA7293}"
EndProject
Project("{9A19103F-16F7-4668-BE54-9A1E7A4F7556}") = "Brimborium.WebFlow.Abstracts", "..\Brimborium.WebFlow\Brimborium.WebFlow.Abstracts\Brimborium.WebFlow.Abstracts.csproj", "{7196A237-5FA7-4F57-82EB-0029EE8AAADF}"
EndProject
Project("{9A19103F-16F7-4668-BE54-9A1E7A4F7556}") = "Brimborium.WebFlow", "..\Brimborium.WebFlow\Brimborium.WebFlow\Brimborium.WebFlow.csproj", "{BF15BFDD-31BC-4FB7-82C6-12BB2A8CA6D2}"
EndProject
Project("{2150E333-8FDC-42A3-9474-1A3956D46DE8}") = "_Registrator", "_Registrator", "{46ABF9E4-611E-4C23-A2D7-131D24EFEDFB}"
EndProject
Project("{2150E333-8FDC-42A3-9474-1A3956D46DE8}") = "_CodeFlow", "_CodeFlow", "{46B95B7D-4D7A-4011-9824-3379CA874E0B}"
EndProject
Project("{2150E333-8FDC-42A3-9474-1A3956D46DE8}") = "_WebFlow", "_WebFlow", "{D2541FAF-8160-4B65-933D-12952628ADA3}"
EndProject
Global
	GlobalSection(SolutionConfigurationPlatforms) = preSolution
		Debug|Any CPU = Debug|Any CPU
		Debug|x64 = Debug|x64
		Debug|x86 = Debug|x86
		Release|Any CPU = Release|Any CPU
		Release|x64 = Release|x64
		Release|x86 = Release|x86
	EndGlobalSection
	GlobalSection(ProjectConfigurationPlatforms) = postSolution
		{47445CA5-1F21-4D8C-9A02-880223F064D9}.Debug|Any CPU.ActiveCfg = Debug|Any CPU
		{47445CA5-1F21-4D8C-9A02-880223F064D9}.Debug|Any CPU.Build.0 = Debug|Any CPU
		{47445CA5-1F21-4D8C-9A02-880223F064D9}.Debug|x64.ActiveCfg = Debug|Any CPU
		{47445CA5-1F21-4D8C-9A02-880223F064D9}.Debug|x64.Build.0 = Debug|Any CPU
		{47445CA5-1F21-4D8C-9A02-880223F064D9}.Debug|x86.ActiveCfg = Debug|Any CPU
		{47445CA5-1F21-4D8C-9A02-880223F064D9}.Debug|x86.Build.0 = Debug|Any CPU
		{47445CA5-1F21-4D8C-9A02-880223F064D9}.Release|Any CPU.ActiveCfg = Release|Any CPU
		{47445CA5-1F21-4D8C-9A02-880223F064D9}.Release|Any CPU.Build.0 = Release|Any CPU
		{47445CA5-1F21-4D8C-9A02-880223F064D9}.Release|x64.ActiveCfg = Release|Any CPU
		{47445CA5-1F21-4D8C-9A02-880223F064D9}.Release|x64.Build.0 = Release|Any CPU
		{47445CA5-1F21-4D8C-9A02-880223F064D9}.Release|x86.ActiveCfg = Release|Any CPU
		{47445CA5-1F21-4D8C-9A02-880223F064D9}.Release|x86.Build.0 = Release|Any CPU
		{17A2F8C4-303F-44D2-A736-DCCDB5BDB956}.Debug|Any CPU.ActiveCfg = Debug|Any CPU
		{17A2F8C4-303F-44D2-A736-DCCDB5BDB956}.Debug|Any CPU.Build.0 = Debug|Any CPU
		{17A2F8C4-303F-44D2-A736-DCCDB5BDB956}.Debug|x64.ActiveCfg = Debug|Any CPU
		{17A2F8C4-303F-44D2-A736-DCCDB5BDB956}.Debug|x64.Build.0 = Debug|Any CPU
		{17A2F8C4-303F-44D2-A736-DCCDB5BDB956}.Debug|x86.ActiveCfg = Debug|Any CPU
		{17A2F8C4-303F-44D2-A736-DCCDB5BDB956}.Debug|x86.Build.0 = Debug|Any CPU
		{17A2F8C4-303F-44D2-A736-DCCDB5BDB956}.Release|Any CPU.ActiveCfg = Release|Any CPU
		{17A2F8C4-303F-44D2-A736-DCCDB5BDB956}.Release|Any CPU.Build.0 = Release|Any CPU
		{17A2F8C4-303F-44D2-A736-DCCDB5BDB956}.Release|x64.ActiveCfg = Release|Any CPU
		{17A2F8C4-303F-44D2-A736-DCCDB5BDB956}.Release|x64.Build.0 = Release|Any CPU
		{17A2F8C4-303F-44D2-A736-DCCDB5BDB956}.Release|x86.ActiveCfg = Release|Any CPU
		{17A2F8C4-303F-44D2-A736-DCCDB5BDB956}.Release|x86.Build.0 = Release|Any CPU
		{DE75DA55-6FAD-4F86-8ADF-826BEE1969A2}.Debug|Any CPU.ActiveCfg = Debug|Any CPU
		{DE75DA55-6FAD-4F86-8ADF-826BEE1969A2}.Debug|Any CPU.Build.0 = Debug|Any CPU
		{DE75DA55-6FAD-4F86-8ADF-826BEE1969A2}.Debug|x64.ActiveCfg = Debug|Any CPU
		{DE75DA55-6FAD-4F86-8ADF-826BEE1969A2}.Debug|x64.Build.0 = Debug|Any CPU
		{DE75DA55-6FAD-4F86-8ADF-826BEE1969A2}.Debug|x86.ActiveCfg = Debug|Any CPU
		{DE75DA55-6FAD-4F86-8ADF-826BEE1969A2}.Debug|x86.Build.0 = Debug|Any CPU
		{DE75DA55-6FAD-4F86-8ADF-826BEE1969A2}.Release|Any CPU.ActiveCfg = Release|Any CPU
		{DE75DA55-6FAD-4F86-8ADF-826BEE1969A2}.Release|Any CPU.Build.0 = Release|Any CPU
		{DE75DA55-6FAD-4F86-8ADF-826BEE1969A2}.Release|x64.ActiveCfg = Release|Any CPU
		{DE75DA55-6FAD-4F86-8ADF-826BEE1969A2}.Release|x64.Build.0 = Release|Any CPU
		{DE75DA55-6FAD-4F86-8ADF-826BEE1969A2}.Release|x86.ActiveCfg = Release|Any CPU
		{DE75DA55-6FAD-4F86-8ADF-826BEE1969A2}.Release|x86.Build.0 = Release|Any CPU
		{CC4F197C-DC7A-4315-969C-F9B072E9F371}.Debug|Any CPU.ActiveCfg = Debug|Any CPU
		{CC4F197C-DC7A-4315-969C-F9B072E9F371}.Debug|Any CPU.Build.0 = Debug|Any CPU
		{CC4F197C-DC7A-4315-969C-F9B072E9F371}.Debug|x64.ActiveCfg = Debug|Any CPU
		{CC4F197C-DC7A-4315-969C-F9B072E9F371}.Debug|x64.Build.0 = Debug|Any CPU
		{CC4F197C-DC7A-4315-969C-F9B072E9F371}.Debug|x86.ActiveCfg = Debug|Any CPU
		{CC4F197C-DC7A-4315-969C-F9B072E9F371}.Debug|x86.Build.0 = Debug|Any CPU
		{CC4F197C-DC7A-4315-969C-F9B072E9F371}.Release|Any CPU.ActiveCfg = Release|Any CPU
		{CC4F197C-DC7A-4315-969C-F9B072E9F371}.Release|Any CPU.Build.0 = Release|Any CPU
		{CC4F197C-DC7A-4315-969C-F9B072E9F371}.Release|x64.ActiveCfg = Release|Any CPU
		{CC4F197C-DC7A-4315-969C-F9B072E9F371}.Release|x64.Build.0 = Release|Any CPU
		{CC4F197C-DC7A-4315-969C-F9B072E9F371}.Release|x86.ActiveCfg = Release|Any CPU
		{CC4F197C-DC7A-4315-969C-F9B072E9F371}.Release|x86.Build.0 = Release|Any CPU
		{3C4029FE-8D7F-4A24-BB94-C39BCDA4308F}.Debug|Any CPU.ActiveCfg = Debug|Any CPU
		{3C4029FE-8D7F-4A24-BB94-C39BCDA4308F}.Debug|Any CPU.Build.0 = Debug|Any CPU
		{3C4029FE-8D7F-4A24-BB94-C39BCDA4308F}.Debug|x64.ActiveCfg = Debug|Any CPU
		{3C4029FE-8D7F-4A24-BB94-C39BCDA4308F}.Debug|x64.Build.0 = Debug|Any CPU
		{3C4029FE-8D7F-4A24-BB94-C39BCDA4308F}.Debug|x86.ActiveCfg = Debug|Any CPU
		{3C4029FE-8D7F-4A24-BB94-C39BCDA4308F}.Debug|x86.Build.0 = Debug|Any CPU
		{3C4029FE-8D7F-4A24-BB94-C39BCDA4308F}.Release|Any CPU.ActiveCfg = Release|Any CPU
		{3C4029FE-8D7F-4A24-BB94-C39BCDA4308F}.Release|Any CPU.Build.0 = Release|Any CPU
		{3C4029FE-8D7F-4A24-BB94-C39BCDA4308F}.Release|x64.ActiveCfg = Release|Any CPU
		{3C4029FE-8D7F-4A24-BB94-C39BCDA4308F}.Release|x64.Build.0 = Release|Any CPU
		{3C4029FE-8D7F-4A24-BB94-C39BCDA4308F}.Release|x86.ActiveCfg = Release|Any CPU
		{3C4029FE-8D7F-4A24-BB94-C39BCDA4308F}.Release|x86.Build.0 = Release|Any CPU
		{4C837289-C0A6-4B66-965E-F0D8F58D155B}.Debug|Any CPU.ActiveCfg = Debug|Any CPU
		{4C837289-C0A6-4B66-965E-F0D8F58D155B}.Debug|Any CPU.Build.0 = Debug|Any CPU
		{4C837289-C0A6-4B66-965E-F0D8F58D155B}.Debug|x64.ActiveCfg = Debug|Any CPU
		{4C837289-C0A6-4B66-965E-F0D8F58D155B}.Debug|x64.Build.0 = Debug|Any CPU
		{4C837289-C0A6-4B66-965E-F0D8F58D155B}.Debug|x86.ActiveCfg = Debug|Any CPU
		{4C837289-C0A6-4B66-965E-F0D8F58D155B}.Debug|x86.Build.0 = Debug|Any CPU
		{4C837289-C0A6-4B66-965E-F0D8F58D155B}.Release|Any CPU.ActiveCfg = Release|Any CPU
		{4C837289-C0A6-4B66-965E-F0D8F58D155B}.Release|Any CPU.Build.0 = Release|Any CPU
		{4C837289-C0A6-4B66-965E-F0D8F58D155B}.Release|x64.ActiveCfg = Release|Any CPU
		{4C837289-C0A6-4B66-965E-F0D8F58D155B}.Release|x64.Build.0 = Release|Any CPU
		{4C837289-C0A6-4B66-965E-F0D8F58D155B}.Release|x86.ActiveCfg = Release|Any CPU
		{4C837289-C0A6-4B66-965E-F0D8F58D155B}.Release|x86.Build.0 = Release|Any CPU
		{712D91E6-996C-4D64-A59A-5ADFDD5DAEA8}.Debug|Any CPU.ActiveCfg = Debug|Any CPU
		{712D91E6-996C-4D64-A59A-5ADFDD5DAEA8}.Debug|Any CPU.Build.0 = Debug|Any CPU
		{712D91E6-996C-4D64-A59A-5ADFDD5DAEA8}.Debug|x64.ActiveCfg = Debug|Any CPU
		{712D91E6-996C-4D64-A59A-5ADFDD5DAEA8}.Debug|x64.Build.0 = Debug|Any CPU
		{712D91E6-996C-4D64-A59A-5ADFDD5DAEA8}.Debug|x86.ActiveCfg = Debug|Any CPU
		{712D91E6-996C-4D64-A59A-5ADFDD5DAEA8}.Debug|x86.Build.0 = Debug|Any CPU
		{712D91E6-996C-4D64-A59A-5ADFDD5DAEA8}.Release|Any CPU.ActiveCfg = Release|Any CPU
		{712D91E6-996C-4D64-A59A-5ADFDD5DAEA8}.Release|Any CPU.Build.0 = Release|Any CPU
		{712D91E6-996C-4D64-A59A-5ADFDD5DAEA8}.Release|x64.ActiveCfg = Release|Any CPU
		{712D91E6-996C-4D64-A59A-5ADFDD5DAEA8}.Release|x64.Build.0 = Release|Any CPU
		{712D91E6-996C-4D64-A59A-5ADFDD5DAEA8}.Release|x86.ActiveCfg = Release|Any CPU
		{712D91E6-996C-4D64-A59A-5ADFDD5DAEA8}.Release|x86.Build.0 = Release|Any CPU
		{779EBEBA-415B-47D6-9C33-77E1DFA7C2C0}.Debug|Any CPU.ActiveCfg = Debug|Any CPU
		{779EBEBA-415B-47D6-9C33-77E1DFA7C2C0}.Debug|Any CPU.Build.0 = Debug|Any CPU
		{779EBEBA-415B-47D6-9C33-77E1DFA7C2C0}.Debug|x64.ActiveCfg = Debug|Any CPU
		{779EBEBA-415B-47D6-9C33-77E1DFA7C2C0}.Debug|x64.Build.0 = Debug|Any CPU
		{779EBEBA-415B-47D6-9C33-77E1DFA7C2C0}.Debug|x86.ActiveCfg = Debug|Any CPU
		{779EBEBA-415B-47D6-9C33-77E1DFA7C2C0}.Debug|x86.Build.0 = Debug|Any CPU
		{779EBEBA-415B-47D6-9C33-77E1DFA7C2C0}.Release|Any CPU.ActiveCfg = Release|Any CPU
		{779EBEBA-415B-47D6-9C33-77E1DFA7C2C0}.Release|Any CPU.Build.0 = Release|Any CPU
		{779EBEBA-415B-47D6-9C33-77E1DFA7C2C0}.Release|x64.ActiveCfg = Release|Any CPU
		{779EBEBA-415B-47D6-9C33-77E1DFA7C2C0}.Release|x64.Build.0 = Release|Any CPU
		{779EBEBA-415B-47D6-9C33-77E1DFA7C2C0}.Release|x86.ActiveCfg = Release|Any CPU
		{779EBEBA-415B-47D6-9C33-77E1DFA7C2C0}.Release|x86.Build.0 = Release|Any CPU
		{42376DB5-9DE6-437C-823F-D4B3DCCAEE04}.Debug|Any CPU.ActiveCfg = Debug|Any CPU
		{42376DB5-9DE6-437C-823F-D4B3DCCAEE04}.Debug|Any CPU.Build.0 = Debug|Any CPU
		{42376DB5-9DE6-437C-823F-D4B3DCCAEE04}.Debug|x64.ActiveCfg = Debug|Any CPU
		{42376DB5-9DE6-437C-823F-D4B3DCCAEE04}.Debug|x64.Build.0 = Debug|Any CPU
		{42376DB5-9DE6-437C-823F-D4B3DCCAEE04}.Debug|x86.ActiveCfg = Debug|Any CPU
		{42376DB5-9DE6-437C-823F-D4B3DCCAEE04}.Debug|x86.Build.0 = Debug|Any CPU
		{42376DB5-9DE6-437C-823F-D4B3DCCAEE04}.Release|Any CPU.ActiveCfg = Release|Any CPU
		{42376DB5-9DE6-437C-823F-D4B3DCCAEE04}.Release|Any CPU.Build.0 = Release|Any CPU
		{42376DB5-9DE6-437C-823F-D4B3DCCAEE04}.Release|x64.ActiveCfg = Release|Any CPU
		{42376DB5-9DE6-437C-823F-D4B3DCCAEE04}.Release|x64.Build.0 = Release|Any CPU
		{42376DB5-9DE6-437C-823F-D4B3DCCAEE04}.Release|x86.ActiveCfg = Release|Any CPU
		{42376DB5-9DE6-437C-823F-D4B3DCCAEE04}.Release|x86.Build.0 = Release|Any CPU
		{4CB0311C-9AF7-4EAA-9F4C-B32FC94E8F69}.Debug|Any CPU.ActiveCfg = Debug|Any CPU
		{4CB0311C-9AF7-4EAA-9F4C-B32FC94E8F69}.Debug|Any CPU.Build.0 = Debug|Any CPU
		{4CB0311C-9AF7-4EAA-9F4C-B32FC94E8F69}.Debug|x64.ActiveCfg = Debug|Any CPU
		{4CB0311C-9AF7-4EAA-9F4C-B32FC94E8F69}.Debug|x64.Build.0 = Debug|Any CPU
		{4CB0311C-9AF7-4EAA-9F4C-B32FC94E8F69}.Debug|x86.ActiveCfg = Debug|Any CPU
		{4CB0311C-9AF7-4EAA-9F4C-B32FC94E8F69}.Debug|x86.Build.0 = Debug|Any CPU
		{4CB0311C-9AF7-4EAA-9F4C-B32FC94E8F69}.Release|Any CPU.ActiveCfg = Release|Any CPU
		{4CB0311C-9AF7-4EAA-9F4C-B32FC94E8F69}.Release|Any CPU.Build.0 = Release|Any CPU
		{4CB0311C-9AF7-4EAA-9F4C-B32FC94E8F69}.Release|x64.ActiveCfg = Release|Any CPU
		{4CB0311C-9AF7-4EAA-9F4C-B32FC94E8F69}.Release|x64.Build.0 = Release|Any CPU
		{4CB0311C-9AF7-4EAA-9F4C-B32FC94E8F69}.Release|x86.ActiveCfg = Release|Any CPU
		{4CB0311C-9AF7-4EAA-9F4C-B32FC94E8F69}.Release|x86.Build.0 = Release|Any CPU
		{D84CA625-020E-47F5-80A5-E7450E25EE23}.Debug|Any CPU.ActiveCfg = Debug|Any CPU
		{D84CA625-020E-47F5-80A5-E7450E25EE23}.Debug|Any CPU.Build.0 = Debug|Any CPU
		{D84CA625-020E-47F5-80A5-E7450E25EE23}.Debug|x64.ActiveCfg = Debug|Any CPU
		{D84CA625-020E-47F5-80A5-E7450E25EE23}.Debug|x64.Build.0 = Debug|Any CPU
		{D84CA625-020E-47F5-80A5-E7450E25EE23}.Debug|x86.ActiveCfg = Debug|Any CPU
		{D84CA625-020E-47F5-80A5-E7450E25EE23}.Debug|x86.Build.0 = Debug|Any CPU
		{D84CA625-020E-47F5-80A5-E7450E25EE23}.Release|Any CPU.ActiveCfg = Release|Any CPU
		{D84CA625-020E-47F5-80A5-E7450E25EE23}.Release|Any CPU.Build.0 = Release|Any CPU
		{D84CA625-020E-47F5-80A5-E7450E25EE23}.Release|x64.ActiveCfg = Release|Any CPU
		{D84CA625-020E-47F5-80A5-E7450E25EE23}.Release|x64.Build.0 = Release|Any CPU
		{D84CA625-020E-47F5-80A5-E7450E25EE23}.Release|x86.ActiveCfg = Release|Any CPU
		{D84CA625-020E-47F5-80A5-E7450E25EE23}.Release|x86.Build.0 = Release|Any CPU
		{FE862DC5-187E-4EBE-96AD-F17E28D1C381}.Debug|Any CPU.ActiveCfg = Debug|Any CPU
		{FE862DC5-187E-4EBE-96AD-F17E28D1C381}.Debug|Any CPU.Build.0 = Debug|Any CPU
		{FE862DC5-187E-4EBE-96AD-F17E28D1C381}.Debug|x64.ActiveCfg = Debug|Any CPU
		{FE862DC5-187E-4EBE-96AD-F17E28D1C381}.Debug|x64.Build.0 = Debug|Any CPU
		{FE862DC5-187E-4EBE-96AD-F17E28D1C381}.Debug|x86.ActiveCfg = Debug|Any CPU
		{FE862DC5-187E-4EBE-96AD-F17E28D1C381}.Debug|x86.Build.0 = Debug|Any CPU
		{FE862DC5-187E-4EBE-96AD-F17E28D1C381}.Release|Any CPU.ActiveCfg = Release|Any CPU
		{FE862DC5-187E-4EBE-96AD-F17E28D1C381}.Release|Any CPU.Build.0 = Release|Any CPU
		{FE862DC5-187E-4EBE-96AD-F17E28D1C381}.Release|x64.ActiveCfg = Release|Any CPU
		{FE862DC5-187E-4EBE-96AD-F17E28D1C381}.Release|x64.Build.0 = Release|Any CPU
		{FE862DC5-187E-4EBE-96AD-F17E28D1C381}.Release|x86.ActiveCfg = Release|Any CPU
		{FE862DC5-187E-4EBE-96AD-F17E28D1C381}.Release|x86.Build.0 = Release|Any CPU
		{370A6614-FA22-4674-8D63-1CADBEDA7293}.Debug|Any CPU.ActiveCfg = Debug|Any CPU
		{370A6614-FA22-4674-8D63-1CADBEDA7293}.Debug|Any CPU.Build.0 = Debug|Any CPU
		{370A6614-FA22-4674-8D63-1CADBEDA7293}.Debug|x64.ActiveCfg = Debug|Any CPU
		{370A6614-FA22-4674-8D63-1CADBEDA7293}.Debug|x64.Build.0 = Debug|Any CPU
		{370A6614-FA22-4674-8D63-1CADBEDA7293}.Debug|x86.ActiveCfg = Debug|Any CPU
		{370A6614-FA22-4674-8D63-1CADBEDA7293}.Debug|x86.Build.0 = Debug|Any CPU
		{370A6614-FA22-4674-8D63-1CADBEDA7293}.Release|Any CPU.ActiveCfg = Release|Any CPU
		{370A6614-FA22-4674-8D63-1CADBEDA7293}.Release|Any CPU.Build.0 = Release|Any CPU
		{370A6614-FA22-4674-8D63-1CADBEDA7293}.Release|x64.ActiveCfg = Release|Any CPU
		{370A6614-FA22-4674-8D63-1CADBEDA7293}.Release|x64.Build.0 = Release|Any CPU
		{370A6614-FA22-4674-8D63-1CADBEDA7293}.Release|x86.ActiveCfg = Release|Any CPU
		{370A6614-FA22-4674-8D63-1CADBEDA7293}.Release|x86.Build.0 = Release|Any CPU
		{7196A237-5FA7-4F57-82EB-0029EE8AAADF}.Debug|Any CPU.ActiveCfg = Debug|Any CPU
		{7196A237-5FA7-4F57-82EB-0029EE8AAADF}.Debug|Any CPU.Build.0 = Debug|Any CPU
		{7196A237-5FA7-4F57-82EB-0029EE8AAADF}.Debug|x64.ActiveCfg = Debug|Any CPU
		{7196A237-5FA7-4F57-82EB-0029EE8AAADF}.Debug|x64.Build.0 = Debug|Any CPU
		{7196A237-5FA7-4F57-82EB-0029EE8AAADF}.Debug|x86.ActiveCfg = Debug|Any CPU
		{7196A237-5FA7-4F57-82EB-0029EE8AAADF}.Debug|x86.Build.0 = Debug|Any CPU
		{7196A237-5FA7-4F57-82EB-0029EE8AAADF}.Release|Any CPU.ActiveCfg = Release|Any CPU
		{7196A237-5FA7-4F57-82EB-0029EE8AAADF}.Release|Any CPU.Build.0 = Release|Any CPU
		{7196A237-5FA7-4F57-82EB-0029EE8AAADF}.Release|x64.ActiveCfg = Release|Any CPU
		{7196A237-5FA7-4F57-82EB-0029EE8AAADF}.Release|x64.Build.0 = Release|Any CPU
		{7196A237-5FA7-4F57-82EB-0029EE8AAADF}.Release|x86.ActiveCfg = Release|Any CPU
		{7196A237-5FA7-4F57-82EB-0029EE8AAADF}.Release|x86.Build.0 = Release|Any CPU
		{BF15BFDD-31BC-4FB7-82C6-12BB2A8CA6D2}.Debug|Any CPU.ActiveCfg = Debug|Any CPU
		{BF15BFDD-31BC-4FB7-82C6-12BB2A8CA6D2}.Debug|Any CPU.Build.0 = Debug|Any CPU
		{BF15BFDD-31BC-4FB7-82C6-12BB2A8CA6D2}.Debug|x64.ActiveCfg = Debug|Any CPU
		{BF15BFDD-31BC-4FB7-82C6-12BB2A8CA6D2}.Debug|x64.Build.0 = Debug|Any CPU
		{BF15BFDD-31BC-4FB7-82C6-12BB2A8CA6D2}.Debug|x86.ActiveCfg = Debug|Any CPU
		{BF15BFDD-31BC-4FB7-82C6-12BB2A8CA6D2}.Debug|x86.Build.0 = Debug|Any CPU
		{BF15BFDD-31BC-4FB7-82C6-12BB2A8CA6D2}.Release|Any CPU.ActiveCfg = Release|Any CPU
		{BF15BFDD-31BC-4FB7-82C6-12BB2A8CA6D2}.Release|Any CPU.Build.0 = Release|Any CPU
		{BF15BFDD-31BC-4FB7-82C6-12BB2A8CA6D2}.Release|x64.ActiveCfg = Release|Any CPU
		{BF15BFDD-31BC-4FB7-82C6-12BB2A8CA6D2}.Release|x64.Build.0 = Release|Any CPU
		{BF15BFDD-31BC-4FB7-82C6-12BB2A8CA6D2}.Release|x86.ActiveCfg = Release|Any CPU
		{BF15BFDD-31BC-4FB7-82C6-12BB2A8CA6D2}.Release|x86.Build.0 = Release|Any CPU
	EndGlobalSection
	GlobalSection(SolutionProperties) = preSolution
		HideSolutionNode = FALSE
	EndGlobalSection
	GlobalSection(NestedProjects) = preSolution
		{4C837289-C0A6-4B66-965E-F0D8F58D155B} = {BF378801-F5E8-46ED-9DED-A01EFEA6E34A}
		{712D91E6-996C-4D64-A59A-5ADFDD5DAEA8} = {BF378801-F5E8-46ED-9DED-A01EFEA6E34A}
		{779EBEBA-415B-47D6-9C33-77E1DFA7C2C0} = {BF378801-F5E8-46ED-9DED-A01EFEA6E34A}
		{42376DB5-9DE6-437C-823F-D4B3DCCAEE04} = {BF378801-F5E8-46ED-9DED-A01EFEA6E34A}
		{4CB0311C-9AF7-4EAA-9F4C-B32FC94E8F69} = {46B95B7D-4D7A-4011-9824-3379CA874E0B}
		{D84CA625-020E-47F5-80A5-E7450E25EE23} = {46B95B7D-4D7A-4011-9824-3379CA874E0B}
		{FE862DC5-187E-4EBE-96AD-F17E28D1C381} = {46ABF9E4-611E-4C23-A2D7-131D24EFEDFB}
		{370A6614-FA22-4674-8D63-1CADBEDA7293} = {46ABF9E4-611E-4C23-A2D7-131D24EFEDFB}
		{7196A237-5FA7-4F57-82EB-0029EE8AAADF} = {D2541FAF-8160-4B65-933D-12952628ADA3}
		{BF15BFDD-31BC-4FB7-82C6-12BB2A8CA6D2} = {D2541FAF-8160-4B65-933D-12952628ADA3}
	EndGlobalSection
	GlobalSection(ExtensibilityGlobals) = postSolution
		SolutionGuid = {61E9200F-1DCE-4391-A883-887C1EE8B26D}
	EndGlobalSection
EndGlobal
