
Microsoft Visual Studio Solution File, Format Version 12.00
# Visual Studio Version 16
VisualStudioVersion = 16.0.30114.105
MinimumVisualStudioVersion = 10.0.40219.1
Project("{2150E333-8FDC-42A3-9474-1A3956D46DE8}") = "Solution Items", "Solution Items", "{4BE75DFB-F136-425C-ACCE-BF7030C11C80}"
	ProjectSection(SolutionItems) = preProject
		Directory.Build.props = Directory.Build.props
		global.json = global.json
		README.md = README.md
		version.json = version.json
	EndProjectSection
EndProject
Project("{9A19103F-16F7-4668-BE54-9A1E7A4F7556}") = "Brimborium.CodeBlocks", "Brimborium.CodeBlocks\Brimborium.CodeBlocks.csproj", "{47445CA5-1F21-4D8C-9A02-880223F064D9}"
EndProject
Project("{9A19103F-16F7-4668-BE54-9A1E7A4F7556}") = "Brimborium.CodeBlocks.Library", "Brimborium.CodeBlocks.Library\Brimborium.CodeBlocks.Library.csproj", "{17A2F8C4-303F-44D2-A736-DCCDB5BDB956}"
EndProject
Project("{FAE04EC0-301F-11D3-BF4B-00C04F79EFBC}") = "Brimborium.CodeBlocks.Library.Test", "Brimborium.CodeBlocks.Library.Test\Brimborium.CodeBlocks.Library.Test.csproj", "{DE75DA55-6FAD-4F86-8ADF-826BEE1969A2}"
EndProject
Global
	GlobalSection(SolutionConfigurationPlatforms) = preSolution
		Debug|Any CPU = Debug|Any CPU
		Debug|x64 = Debug|x64
		Debug|x86 = Debug|x86
		Release|Any CPU = Release|Any CPU
		Release|x64 = Release|x64
		Release|x86 = Release|x86
	EndGlobalSection
	GlobalSection(ProjectConfigurationPlatforms) = postSolution
		{47445CA5-1F21-4D8C-9A02-880223F064D9}.Debug|Any CPU.ActiveCfg = Debug|Any CPU
		{47445CA5-1F21-4D8C-9A02-880223F064D9}.Debug|Any CPU.Build.0 = Debug|Any CPU
		{47445CA5-1F21-4D8C-9A02-880223F064D9}.Debug|x64.ActiveCfg = Debug|Any CPU
		{47445CA5-1F21-4D8C-9A02-880223F064D9}.Debug|x64.Build.0 = Debug|Any CPU
		{47445CA5-1F21-4D8C-9A02-880223F064D9}.Debug|x86.ActiveCfg = Debug|Any CPU
		{47445CA5-1F21-4D8C-9A02-880223F064D9}.Debug|x86.Build.0 = Debug|Any CPU
		{47445CA5-1F21-4D8C-9A02-880223F064D9}.Release|Any CPU.ActiveCfg = Release|Any CPU
		{47445CA5-1F21-4D8C-9A02-880223F064D9}.Release|Any CPU.Build.0 = Release|Any CPU
		{47445CA5-1F21-4D8C-9A02-880223F064D9}.Release|x64.ActiveCfg = Release|Any CPU
		{47445CA5-1F21-4D8C-9A02-880223F064D9}.Release|x64.Build.0 = Release|Any CPU
		{47445CA5-1F21-4D8C-9A02-880223F064D9}.Release|x86.ActiveCfg = Release|Any CPU
		{47445CA5-1F21-4D8C-9A02-880223F064D9}.Release|x86.Build.0 = Release|Any CPU
		{17A2F8C4-303F-44D2-A736-DCCDB5BDB956}.Debug|Any CPU.ActiveCfg = Debug|Any CPU
		{17A2F8C4-303F-44D2-A736-DCCDB5BDB956}.Debug|Any CPU.Build.0 = Debug|Any CPU
		{17A2F8C4-303F-44D2-A736-DCCDB5BDB956}.Debug|x64.ActiveCfg = Debug|Any CPU
		{17A2F8C4-303F-44D2-A736-DCCDB5BDB956}.Debug|x64.Build.0 = Debug|Any CPU
		{17A2F8C4-303F-44D2-A736-DCCDB5BDB956}.Debug|x86.ActiveCfg = Debug|Any CPU
		{17A2F8C4-303F-44D2-A736-DCCDB5BDB956}.Debug|x86.Build.0 = Debug|Any CPU
		{17A2F8C4-303F-44D2-A736-DCCDB5BDB956}.Release|Any CPU.ActiveCfg = Release|Any CPU
		{17A2F8C4-303F-44D2-A736-DCCDB5BDB956}.Release|Any CPU.Build.0 = Release|Any CPU
		{17A2F8C4-303F-44D2-A736-DCCDB5BDB956}.Release|x64.ActiveCfg = Release|Any CPU
		{17A2F8C4-303F-44D2-A736-DCCDB5BDB956}.Release|x64.Build.0 = Release|Any CPU
		{17A2F8C4-303F-44D2-A736-DCCDB5BDB956}.Release|x86.ActiveCfg = Release|Any CPU
		{17A2F8C4-303F-44D2-A736-DCCDB5BDB956}.Release|x86.Build.0 = Release|Any CPU
		{DE75DA55-6FAD-4F86-8ADF-826BEE1969A2}.Debug|Any CPU.ActiveCfg = Debug|Any CPU
		{DE75DA55-6FAD-4F86-8ADF-826BEE1969A2}.Debug|Any CPU.Build.0 = Debug|Any CPU
		{DE75DA55-6FAD-4F86-8ADF-826BEE1969A2}.Debug|x64.ActiveCfg = Debug|Any CPU
		{DE75DA55-6FAD-4F86-8ADF-826BEE1969A2}.Debug|x64.Build.0 = Debug|Any CPU
		{DE75DA55-6FAD-4F86-8ADF-826BEE1969A2}.Debug|x86.ActiveCfg = Debug|Any CPU
		{DE75DA55-6FAD-4F86-8ADF-826BEE1969A2}.Debug|x86.Build.0 = Debug|Any CPU
		{DE75DA55-6FAD-4F86-8ADF-826BEE1969A2}.Release|Any CPU.ActiveCfg = Release|Any CPU
		{DE75DA55-6FAD-4F86-8ADF-826BEE1969A2}.Release|Any CPU.Build.0 = Release|Any CPU
		{DE75DA55-6FAD-4F86-8ADF-826BEE1969A2}.Release|x64.ActiveCfg = Release|Any CPU
		{DE75DA55-6FAD-4F86-8ADF-826BEE1969A2}.Release|x64.Build.0 = Release|Any CPU
		{DE75DA55-6FAD-4F86-8ADF-826BEE1969A2}.Release|x86.ActiveCfg = Release|Any CPU
		{DE75DA55-6FAD-4F86-8ADF-826BEE1969A2}.Release|x86.Build.0 = Release|Any CPU
	EndGlobalSection
	GlobalSection(SolutionProperties) = preSolution
		HideSolutionNode = FALSE
	EndGlobalSection
	GlobalSection(ExtensibilityGlobals) = postSolution
		SolutionGuid = {61E9200F-1DCE-4391-A883-887C1EE8B26D}
	EndGlobalSection
EndGlobal
