
Microsoft Visual Studio Solution File, Format Version 12.00
# Visual Studio Version 17
VisualStudioVersion = 17.2.32317.152
MinimumVisualStudioVersion = 10.0.40219.1
Project("{9A19103F-16F7-4668-BE54-9A1E7A4F7556}") = "Brimborium.GenerateStoredProcedure", "Brimborium.GenerateStoredProcedure\Brimborium.GenerateStoredProcedure.csproj", "{57D689E1-A503-4F10-8DE6-53460913DF06}"
EndProject
Project("{9A19103F-16F7-4668-BE54-9A1E7A4F7556}") = "Brimborium.TypedStoredProcedure", "Brimborium.TypedStoredProcedure\Brimborium.TypedStoredProcedure.csproj", "{C9CF41A6-DAAD-4418-BB0F-CDC9417615A7}"
EndProject
Project("{00D1A9C2-B5F0-4AF3-8072-F6C62B433612}") = "Brimborium.TestSqlDatabase", "Brimborium.TestSqlDatabase\Brimborium.TestSqlDatabase.sqlproj", "{13A900FC-98DF-4935-9B92-3BDB2CDF680C}"
EndProject
Project("{9A19103F-16F7-4668-BE54-9A1E7A4F7556}") = "Brimborium.SqlAccess", "Brimborium.SqlAccess\Brimborium.SqlAccess.csproj", "{7AA293E0-4E2C-48E9-A188-6F8B663F1C77}"
EndProject
Project("{9A19103F-16F7-4668-BE54-9A1E7A4F7556}") = "Brimborium.TestSample", "Brimborium.TestSample\Brimborium.TestSample.csproj", "{B8E2D24B-6BF8-4DFC-AE96-CC050386D785}"
EndProject
Project("{9A19103F-16F7-4668-BE54-9A1E7A4F7556}") = "Brimborium.TestGenerateStoredProcedure", "Brimborium.TestGenerateStoredProcedure\Brimborium.TestGenerateStoredProcedure.csproj", "{384F109E-0D8E-4944-9006-DF150C2F78A7}"
EndProject
Project("{9A19103F-16F7-4668-BE54-9A1E7A4F7556}") = "Brimborium.TestTypedStoredProcedure", "Brimborium.TestTypedStoredProcedure\Brimborium.TestTypedStoredProcedure.csproj", "{73BC86FA-916F-405C-9B19-F4A5C173D406}"
EndProject
Project("{2150E333-8FDC-42A3-9474-1A3956D46DE8}") = "src", "src", "{7BD77923-D32C-4098-8BC4-A04829BE82C2}"
EndProject
Project("{2150E333-8FDC-42A3-9474-1A3956D46DE8}") = "Test", "Test", "{E92ED921-F83D-416E-8357-4E954D1A2EAC}"
EndProject
Project("{9A19103F-16F7-4668-BE54-9A1E7A4F7556}") = "Brimborium.TestSqlDatabaseDeploy", "Brimborium.TestSqlDatabaseDeploy\Brimborium.TestSqlDatabaseDeploy.csproj", "{824D7C07-FFDE-46D0-8310-54E01E59F5E6}"
EndProject
Project("{9A19103F-16F7-4668-BE54-9A1E7A4F7556}") = "Brimborium.TestSampleEfCore", "Brimborium.TestSampleEfCore\Brimborium.TestSampleEfCore.csproj", "{F0C02926-5104-4E49-B1A7-43C8633EA0A4}"
EndProject
Project("{9A19103F-16F7-4668-BE54-9A1E7A4F7556}") = "Brimborium.Tracking", "Brimborium.Tracking\Brimborium.Tracking.csproj", "{5FF45591-08F5-4F9E-B18D-2D3CE80B1151}"
EndProject
Project("{9A19103F-16F7-4668-BE54-9A1E7A4F7556}") = "Brimborium.Tracking.Test", "Brimborium.Tracking.Test\Brimborium.Tracking.Test.csproj", "{D5BA45CE-537E-4813-B552-8A0F97AEA0A5}"
EndProject
Project("{9A19103F-16F7-4668-BE54-9A1E7A4F7556}") = "Brimborium.RowVersion.Contracts", "..\Brimborium.RowVersion\Brimborium.RowVersion.Contracts\Brimborium.RowVersion.Contracts.csproj", "{670A9B9A-85B2-4C89-8531-40FA1C1A62F8}"
EndProject
Project("{9A19103F-16F7-4668-BE54-9A1E7A4F7556}") = "Brimborium.Tracking.Extensions", "Brimborium.Tracking.Extensions\Brimborium.Tracking.Extensions.csproj", "{D7A7D266-4910-46FB-B060-52BBC46AFE46}"
EndProject
Project("{2150E333-8FDC-42A3-9474-1A3956D46DE8}") = "external", "external", "{3E7580A5-67E0-45F6-BE4C-EF9F1F913D55}"
EndProject
Project("{9A19103F-16F7-4668-BE54-9A1E7A4F7556}") = "Brimborium.RowVersion", "..\Brimborium.RowVersion\Brimborium.RowVersion\Brimborium.RowVersion.csproj", "{976B3626-9934-4422-BEA4-AFBEC3D6C3F5}"
EndProject
Project("{9A19103F-16F7-4668-BE54-9A1E7A4F7556}") = "Brimborium.Tracking.Extensions.Test", "Brimborium.Tracking.Extensions.Test\Brimborium.Tracking.Extensions.Test.csproj", "{6BFBEA00-9AF7-4D9C-888C-E529C605638B}"
EndProject
Project("{9A19103F-16F7-4668-BE54-9A1E7A4F7556}") = "Brimborium.CodeGeneration", "..\Brimborium.CodeGeneration\Brimborium.CodeGeneration\Brimborium.CodeGeneration.csproj", "{C7EBED01-F8C4-43B7-B3EE-AE68CF14B09E}"
EndProject
Global
	GlobalSection(SolutionConfigurationPlatforms) = preSolution
		Debug|Any CPU = Debug|Any CPU
		Release|Any CPU = Release|Any CPU
	EndGlobalSection
	GlobalSection(ProjectConfigurationPlatforms) = postSolution
		{57D689E1-A503-4F10-8DE6-53460913DF06}.Debug|Any CPU.ActiveCfg = Debug|Any CPU
		{57D689E1-A503-4F10-8DE6-53460913DF06}.Debug|Any CPU.Build.0 = Debug|Any CPU
		{57D689E1-A503-4F10-8DE6-53460913DF06}.Release|Any CPU.ActiveCfg = Release|Any CPU
		{57D689E1-A503-4F10-8DE6-53460913DF06}.Release|Any CPU.Build.0 = Release|Any CPU
		{C9CF41A6-DAAD-4418-BB0F-CDC9417615A7}.Debug|Any CPU.ActiveCfg = Debug|Any CPU
		{C9CF41A6-DAAD-4418-BB0F-CDC9417615A7}.Debug|Any CPU.Build.0 = Debug|Any CPU
		{C9CF41A6-DAAD-4418-BB0F-CDC9417615A7}.Release|Any CPU.ActiveCfg = Release|Any CPU
		{C9CF41A6-DAAD-4418-BB0F-CDC9417615A7}.Release|Any CPU.Build.0 = Release|Any CPU
		{13A900FC-98DF-4935-9B92-3BDB2CDF680C}.Debug|Any CPU.ActiveCfg = Debug|Any CPU
		{13A900FC-98DF-4935-9B92-3BDB2CDF680C}.Debug|Any CPU.Build.0 = Debug|Any CPU
		{13A900FC-98DF-4935-9B92-3BDB2CDF680C}.Debug|Any CPU.Deploy.0 = Debug|Any CPU
		{13A900FC-98DF-4935-9B92-3BDB2CDF680C}.Release|Any CPU.ActiveCfg = Release|Any CPU
		{13A900FC-98DF-4935-9B92-3BDB2CDF680C}.Release|Any CPU.Build.0 = Release|Any CPU
		{13A900FC-98DF-4935-9B92-3BDB2CDF680C}.Release|Any CPU.Deploy.0 = Release|Any CPU
		{7AA293E0-4E2C-48E9-A188-6F8B663F1C77}.Debug|Any CPU.ActiveCfg = Debug|Any CPU
		{7AA293E0-4E2C-48E9-A188-6F8B663F1C77}.Debug|Any CPU.Build.0 = Debug|Any CPU
		{7AA293E0-4E2C-48E9-A188-6F8B663F1C77}.Release|Any CPU.ActiveCfg = Release|Any CPU
		{7AA293E0-4E2C-48E9-A188-6F8B663F1C77}.Release|Any CPU.Build.0 = Release|Any CPU
		{B8E2D24B-6BF8-4DFC-AE96-CC050386D785}.Debug|Any CPU.ActiveCfg = Debug|Any CPU
		{B8E2D24B-6BF8-4DFC-AE96-CC050386D785}.Debug|Any CPU.Build.0 = Debug|Any CPU
		{B8E2D24B-6BF8-4DFC-AE96-CC050386D785}.Release|Any CPU.ActiveCfg = Release|Any CPU
		{B8E2D24B-6BF8-4DFC-AE96-CC050386D785}.Release|Any CPU.Build.0 = Release|Any CPU
		{384F109E-0D8E-4944-9006-DF150C2F78A7}.Debug|Any CPU.ActiveCfg = Debug|Any CPU
		{384F109E-0D8E-4944-9006-DF150C2F78A7}.Debug|Any CPU.Build.0 = Debug|Any CPU
		{384F109E-0D8E-4944-9006-DF150C2F78A7}.Release|Any CPU.ActiveCfg = Release|Any CPU
		{384F109E-0D8E-4944-9006-DF150C2F78A7}.Release|Any CPU.Build.0 = Release|Any CPU
		{73BC86FA-916F-405C-9B19-F4A5C173D406}.Debug|Any CPU.ActiveCfg = Debug|Any CPU
		{73BC86FA-916F-405C-9B19-F4A5C173D406}.Debug|Any CPU.Build.0 = Debug|Any CPU
		{73BC86FA-916F-405C-9B19-F4A5C173D406}.Release|Any CPU.ActiveCfg = Release|Any CPU
		{73BC86FA-916F-405C-9B19-F4A5C173D406}.Release|Any CPU.Build.0 = Release|Any CPU
		{824D7C07-FFDE-46D0-8310-54E01E59F5E6}.Debug|Any CPU.ActiveCfg = Debug|Any CPU
		{824D7C07-FFDE-46D0-8310-54E01E59F5E6}.Debug|Any CPU.Build.0 = Debug|Any CPU
		{824D7C07-FFDE-46D0-8310-54E01E59F5E6}.Release|Any CPU.ActiveCfg = Release|Any CPU
		{824D7C07-FFDE-46D0-8310-54E01E59F5E6}.Release|Any CPU.Build.0 = Release|Any CPU
		{F0C02926-5104-4E49-B1A7-43C8633EA0A4}.Debug|Any CPU.ActiveCfg = Debug|Any CPU
		{F0C02926-5104-4E49-B1A7-43C8633EA0A4}.Debug|Any CPU.Build.0 = Debug|Any CPU
		{F0C02926-5104-4E49-B1A7-43C8633EA0A4}.Release|Any CPU.ActiveCfg = Release|Any CPU
		{F0C02926-5104-4E49-B1A7-43C8633EA0A4}.Release|Any CPU.Build.0 = Release|Any CPU
		{5FF45591-08F5-4F9E-B18D-2D3CE80B1151}.Debug|Any CPU.ActiveCfg = Debug|Any CPU
		{5FF45591-08F5-4F9E-B18D-2D3CE80B1151}.Debug|Any CPU.Build.0 = Debug|Any CPU
		{5FF45591-08F5-4F9E-B18D-2D3CE80B1151}.Release|Any CPU.ActiveCfg = Release|Any CPU
		{5FF45591-08F5-4F9E-B18D-2D3CE80B1151}.Release|Any CPU.Build.0 = Release|Any CPU
		{D5BA45CE-537E-4813-B552-8A0F97AEA0A5}.Debug|Any CPU.ActiveCfg = Debug|Any CPU
		{D5BA45CE-537E-4813-B552-8A0F97AEA0A5}.Debug|Any CPU.Build.0 = Debug|Any CPU
		{D5BA45CE-537E-4813-B552-8A0F97AEA0A5}.Release|Any CPU.ActiveCfg = Release|Any CPU
		{D5BA45CE-537E-4813-B552-8A0F97AEA0A5}.Release|Any CPU.Build.0 = Release|Any CPU
		{670A9B9A-85B2-4C89-8531-40FA1C1A62F8}.Debug|Any CPU.ActiveCfg = Debug|Any CPU
		{670A9B9A-85B2-4C89-8531-40FA1C1A62F8}.Debug|Any CPU.Build.0 = Debug|Any CPU
		{670A9B9A-85B2-4C89-8531-40FA1C1A62F8}.Release|Any CPU.ActiveCfg = Release|Any CPU
		{670A9B9A-85B2-4C89-8531-40FA1C1A62F8}.Release|Any CPU.Build.0 = Release|Any CPU
		{D7A7D266-4910-46FB-B060-52BBC46AFE46}.Debug|Any CPU.ActiveCfg = Debug|Any CPU
		{D7A7D266-4910-46FB-B060-52BBC46AFE46}.Debug|Any CPU.Build.0 = Debug|Any CPU
		{D7A7D266-4910-46FB-B060-52BBC46AFE46}.Release|Any CPU.ActiveCfg = Release|Any CPU
		{D7A7D266-4910-46FB-B060-52BBC46AFE46}.Release|Any CPU.Build.0 = Release|Any CPU
		{976B3626-9934-4422-BEA4-AFBEC3D6C3F5}.Debug|Any CPU.ActiveCfg = Debug|Any CPU
		{976B3626-9934-4422-BEA4-AFBEC3D6C3F5}.Debug|Any CPU.Build.0 = Debug|Any CPU
		{976B3626-9934-4422-BEA4-AFBEC3D6C3F5}.Release|Any CPU.ActiveCfg = Release|Any CPU
		{976B3626-9934-4422-BEA4-AFBEC3D6C3F5}.Release|Any CPU.Build.0 = Release|Any CPU
		{6BFBEA00-9AF7-4D9C-888C-E529C605638B}.Debug|Any CPU.ActiveCfg = Debug|Any CPU
		{6BFBEA00-9AF7-4D9C-888C-E529C605638B}.Debug|Any CPU.Build.0 = Debug|Any CPU
		{6BFBEA00-9AF7-4D9C-888C-E529C605638B}.Release|Any CPU.ActiveCfg = Release|Any CPU
		{6BFBEA00-9AF7-4D9C-888C-E529C605638B}.Release|Any CPU.Build.0 = Release|Any CPU
		{C7EBED01-F8C4-43B7-B3EE-AE68CF14B09E}.Debug|Any CPU.ActiveCfg = Debug|Any CPU
		{C7EBED01-F8C4-43B7-B3EE-AE68CF14B09E}.Debug|Any CPU.Build.0 = Debug|Any CPU
		{C7EBED01-F8C4-43B7-B3EE-AE68CF14B09E}.Release|Any CPU.ActiveCfg = Release|Any CPU
		{C7EBED01-F8C4-43B7-B3EE-AE68CF14B09E}.Release|Any CPU.Build.0 = Release|Any CPU
	EndGlobalSection
	GlobalSection(SolutionProperties) = preSolution
		HideSolutionNode = FALSE
	EndGlobalSection
	GlobalSection(NestedProjects) = preSolution
		{57D689E1-A503-4F10-8DE6-53460913DF06} = {7BD77923-D32C-4098-8BC4-A04829BE82C2}
		{C9CF41A6-DAAD-4418-BB0F-CDC9417615A7} = {7BD77923-D32C-4098-8BC4-A04829BE82C2}
		{13A900FC-98DF-4935-9B92-3BDB2CDF680C} = {E92ED921-F83D-416E-8357-4E954D1A2EAC}
		{7AA293E0-4E2C-48E9-A188-6F8B663F1C77} = {7BD77923-D32C-4098-8BC4-A04829BE82C2}
		{B8E2D24B-6BF8-4DFC-AE96-CC050386D785} = {E92ED921-F83D-416E-8357-4E954D1A2EAC}
		{384F109E-0D8E-4944-9006-DF150C2F78A7} = {E92ED921-F83D-416E-8357-4E954D1A2EAC}
		{73BC86FA-916F-405C-9B19-F4A5C173D406} = {E92ED921-F83D-416E-8357-4E954D1A2EAC}
		{824D7C07-FFDE-46D0-8310-54E01E59F5E6} = {E92ED921-F83D-416E-8357-4E954D1A2EAC}
		{F0C02926-5104-4E49-B1A7-43C8633EA0A4} = {E92ED921-F83D-416E-8357-4E954D1A2EAC}
		{5FF45591-08F5-4F9E-B18D-2D3CE80B1151} = {7BD77923-D32C-4098-8BC4-A04829BE82C2}
		{D5BA45CE-537E-4813-B552-8A0F97AEA0A5} = {7BD77923-D32C-4098-8BC4-A04829BE82C2}
		{670A9B9A-85B2-4C89-8531-40FA1C1A62F8} = {3E7580A5-67E0-45F6-BE4C-EF9F1F913D55}
		{D7A7D266-4910-46FB-B060-52BBC46AFE46} = {7BD77923-D32C-4098-8BC4-A04829BE82C2}
		{976B3626-9934-4422-BEA4-AFBEC3D6C3F5} = {3E7580A5-67E0-45F6-BE4C-EF9F1F913D55}
		{6BFBEA00-9AF7-4D9C-888C-E529C605638B} = {7BD77923-D32C-4098-8BC4-A04829BE82C2}
		{C7EBED01-F8C4-43B7-B3EE-AE68CF14B09E} = {3E7580A5-67E0-45F6-BE4C-EF9F1F913D55}
	EndGlobalSection
	GlobalSection(ExtensibilityGlobals) = postSolution
		SolutionGuid = {969B0595-75D2-4FDA-81FC-1D76CEBA5D90}
	EndGlobalSection
EndGlobal
